# This file is generated by running "yarn install" inside your project.
# Manual changes might be lost - proceed with caution!

__metadata:
  version: 8
  cacheKey: 10

"audit-ci-yarn-4-skip-dev@workspace:.":
  version: 0.0.0-use.local
  resolution: "audit-ci-yarn-4-skip-dev@workspace:."
  dependencies:
    node-noop: "npm:1.0.0"
    open: "npm:0.0.5"
  languageName: unknown
  linkType: soft

"node-noop@npm:1.0.0":
  version: 1.0.0
  resolution: "node-noop@npm:1.0.0"
  checksum: 10/7a150b352380bdd734bc1b727399132d8f2dc6b8a92974b8aeaf4f5c965d54c9e9320f8af9d4ba8396d520830c60e123ce0c714ad55be73d47157b272ec4354e
  languageName: node
  linkType: hard

"open@npm:0.0.5":
  version: 0.0.5
  resolution: "open@npm:0.0.5"
  checksum: 10/e7765b78f161f1b7ccc8cf48eb64c0529639c9886fdc6ba94a61e5e5d16fac128e26cf81a674cb79b9cc596f3703c42f435faf6797590424d5aef8f490a3bd33
  languageName: node
  linkType: hard
