# This file is generated by running "yarn install" inside your project.
# Manual changes might be lost - proceed with caution!

__metadata:
  version: 7
  cacheKey: 9

"audit-ci-yarn-4-skip-dev@workspace:.":
  version: 0.0.0-use.local
  resolution: "audit-ci-yarn-4-skip-dev@workspace:."
  dependencies:
    node-noop: "npm:1.0.0"
    open: "npm:0.0.5"
  languageName: unknown
  linkType: soft

"node-noop@npm:1.0.0":
  version: 1.0.0
  resolution: "node-noop@npm:1.0.0"
  checksum: 047e0a8678508ba6ee22625dd824c6d0bdf3ca7f8f7997e7e03f81ae0660ae53bfdfdc28860a9c9f766d75497334b4bce916b2adb6471945a13c26d55fcc1ac5
  languageName: node
  linkType: hard

"open@npm:0.0.5":
  version: 0.0.5
  resolution: "open@npm:0.0.5"
  checksum: 0eb72096c395ef9a8f9540cf83d120f87920ba67c7c7efebe1e581f740bf43e27b16d7ab922379fc7afa5662ea941ee9ee7cbb51a459dc8092eec9f3949b057d
  languageName: node
  linkType: hard
