{
  "name": "audit-ci-npm-allowlisted-path",
  "requires": true,
  "lockfileVersion": 1,
  "dependencies": {
    "axios": {
      "version": "0.15.3",
      "resolved": "https://registry.npmjs.org/axios/-/axios-0.15.3.tgz",
      "integrity": "sha1-LJ1jiy4ZGgjqHWzJiOrda6W9wFM=",
      "requires": {
        "follow-redirects": "1.0.0"
      }
    },
    "debug": {
      "version": "2.6.9",
      "resolved": "https://registry.npmjs.org/debug/-/debug-2.6.9.tgz",
      "integrity": "sha512-bC7ElrdJaJnPbAP+1EotYvqZsb3ecl5wi6Bfi6BJTUcNowp6cvspg0jXznRTKDjm/E7AdgFBVeAPVMNcKGsHMA==",
      "requires": {
        "ms": "2.0.0"
      }
    },
    "follow-redirects": {
      "version": "1.0.0",
      "resolved": "https://registry.npmjs.org/follow-redirects/-/follow-redirects-1.0.0.tgz",
      "integrity": "sha1-jjQpjL0uF28lTv/sdaHHjMhJ/Tc=",
      "requires": {
        "debug": "^2.2.0"
      }
    },
    "github-build": {
      "version": "1.2.0",
      "resolved": "https://registry.npmjs.org/github-build/-/github-build-1.2.0.tgz",
      "integrity": "sha512-Iq7NialLYz5yRZDkiX8zaOWd+N3BssJJfUvG7wd8r4MeLCN88SdxEYo2esseMLpLtP4vNXhgamg1eRm7hw59qw==",
      "requires": {
        "axios": "0.15.3"
      },
      "dependencies": {
        "axios": {
          "version": "0.15.3",
          "resolved": "https://registry.npmjs.org/axios/-/axios-0.15.3.tgz",
          "integrity": "sha1-LJ1jiy4ZGgjqHWzJiOrda6W9wFM=",
          "requires": {
            "follow-redirects": "1.0.0"
          }
        },
        "debug": {
          "version": "2.6.9",
          "resolved": "https://registry.npmjs.org/debug/-/debug-2.6.9.tgz",
          "integrity": "sha512-bC7ElrdJaJnPbAP+1EotYvqZsb3ecl5wi6Bfi6BJTUcNowp6cvspg0jXznRTKDjm/E7AdgFBVeAPVMNcKGsHMA==",
          "requires": {
            "ms": "2.0.0"
          }
        },
        "follow-redirects": {
          "version": "1.0.0",
          "resolved": "https://registry.npmjs.org/follow-redirects/-/follow-redirects-1.0.0.tgz",
          "integrity": "sha1-jjQpjL0uF28lTv/sdaHHjMhJ/Tc=",
          "requires": {
            "debug": "^2.2.0"
          }
        }
      }
    },
    "ms": {
      "version": "2.0.0",
      "resolved": "https://registry.npmjs.org/ms/-/ms-2.0.0.tgz",
      "integrity": "sha1-VgiurfwAvmwpAd9fmGF4jeDVl8g="
    }
  }
}
