# This file is generated by running "yarn install" inside your project.
# Manual changes might be lost - proceed with caution!

__metadata:
  version: 6
  cacheKey: 8

"audit-ci-yarn-3-high-vulnerability@workspace:.":
  version: 0.0.0-use.local
  resolution: "audit-ci-yarn-3-high-vulnerability@workspace:."
  dependencies:
    cryo: 0.0.6
  languageName: unknown
  linkType: soft

"cryo@npm:0.0.6":
  version: 0.0.6
  resolution: "cryo@npm:0.0.6"
  checksum: 8ff3a0355e60301cd9ca1ac19ba0637813e3cfe0f145a115e0ab1fe8a1b13b84e131ad3c10a4ec27c9e7a1f4f1a259f74d5d9f05f0c16967bdef5fe26fa3e479
  languageName: node
  linkType: hard
