# THIS IS AN AUTOGENERATED FILE. DO NOT EDIT THIS FILE DIRECTLY.
# yarn lockfile v1


base64url@3.0.0:
  version "3.0.0"
  resolved "https://registry.yarnpkg.com/base64url/-/base64url-3.0.0.tgz#f2ba30b15f80413d88e3e6116c4f3f7f61e28a2a"
  integrity sha512-LIVmqIrIWuiqTvn4RzcrwCOuHo2DD6tKmKBPXXlr4p4n4l6BZBkwFTIa3zu1XkX5MbZgro4a6BvPi+n2Mns5Gg==

cryo@0.0.6:
  version "0.0.6"
  resolved "https://registry.yarnpkg.com/cryo/-/cryo-0.0.6.tgz#16833295d2ee16ff39711db840617b7ae4af0ba4"
  integrity sha1-FoMyldLuFv85cR24QGF7euSvC6Q=

open@0.0.5:
  version "0.0.5"
  resolved "https://registry.yarnpkg.com/open/-/open-0.0.5.tgz#42c3e18ec95466b6bf0dc42f3a2945c3f0cad8fc"
  integrity sha1-QsPhjslUZra/DcQvOilFw/DK2Pw=
