# THIS IS AN AUTOGENERATED FILE. DO NOT EDIT THIS FILE DIRECTLY.
# yarn lockfile v1


base64url@2.0.0:
  version "2.0.0"
  resolved "https://registry.yarnpkg.com/base64url/-/base64url-2.0.0.tgz#eac16e03ea1438eff9423d69baa36262ed1f70bb"
  integrity sha1-6sFuA+oUOO/5Qj1puqNiYu0fcLs=

cryo@0.0.6:
  version "0.0.6"
  resolved "https://registry.yarnpkg.com/cryo/-/cryo-0.0.6.tgz#16833295d2ee16ff39711db840617b7ae4af0ba4"
  integrity sha1-FoMyldLuFv85cR24QGF7euSvC6Q=

is-wsl@^1.1.0:
  version "1.1.0"
  resolved "https://registry.yarnpkg.com/is-wsl/-/is-wsl-1.1.0.tgz#1f16e4aa22b04d1336b66188a66af3c600c3a66d"
  integrity sha1-HxbkqiKwTRM2tmGIpmrzxgDDpm0=

open@6.0.0:
  version "6.0.0"
  resolved "https://registry.yarnpkg.com/open/-/open-6.0.0.tgz#cae5e2c1a3a1bfaee0d0acc8c4b7609374750346"
  integrity sha512-/yb5mVZBz7mHLySMiSj2DcLtMBbFPJk5JBKEkHVZFxZAPzeg3L026O0T+lbdz1B2nyDnkClRSwRQJdeVUIF7zw==
  dependencies:
    is-wsl "^1.1.0"
