# THIS IS AN AUTOGENERATED FILE. DO NOT EDIT THIS FILE DIRECTLY.
# yarn lockfile v1


"@builder.io/qwik@0.16.2":
  version "0.16.2"
  resolved "https://registry.yarnpkg.com/@builder.io/qwik/-/qwik-0.16.2.tgz#e29d2c001043ed40260eae309948c8d91bae091c"
  integrity sha512-yq+WXx54PVDJkTse7C7zYcTVIn2g5qHD2buH/iy7nux+fVLd2Qpui7UK1nuioK2Kpf75JfEAH9ZSWIHQl32FKQ==

base64url@2.0.0:
  version "2.0.0"
  resolved "https://registry.yarnpkg.com/base64url/-/base64url-2.0.0.tgz#eac16e03ea1438eff9423d69baa36262ed1f70bb"
  integrity sha1-6sFuA+oUOO/5Qj1puqNiYu0fcLs=
