# THIS IS AN AUTOGENERATED FILE. DO NOT EDIT THIS FILE DIRECTLY.
# yarn lockfile v1


"@builder.io/qwik@0.16.1":
  version "0.16.1"
  resolved "https://registry.yarnpkg.com/@builder.io/qwik/-/qwik-0.16.1.tgz#6a27f3e1a084816b9e1aaa80e82a4389768fa9ed"
  integrity sha512-Ksd4v+m9jleCl4ru+aSihuX9/Ck2SWkGqa0EdhkbZdFXcTLYVdWfSrP07TRO/KDFGQbLeoc2+9slco+VzXA4AQ==
  dependencies:
    undici "^5.14.0"

"@fastify/busboy@^2.0.0":
  version "2.1.1"
  resolved "https://registry.yarnpkg.com/@fastify/busboy/-/busboy-2.1.1.tgz#b9da6a878a371829a0502c9b6c1c143ef6663f4d"
  integrity sha512-vBZP4NlzfOlerQTnba4aqZoMhE/a9HY7HRqoOPaETQcSQuWEIyZMHGfVu6w9wGtGK5fED5qRs2DteVCjOH60sA==

base64url@2.0.0:
  version "2.0.0"
  resolved "https://registry.yarnpkg.com/base64url/-/base64url-2.0.0.tgz#eac16e03ea1438eff9423d69baa36262ed1f70bb"
  integrity sha1-6sFuA+oUOO/5Qj1puqNiYu0fcLs=

undici@^5.14.0:
  version "5.28.4"
  resolved "https://registry.yarnpkg.com/undici/-/undici-5.28.4.tgz#6b280408edb6a1a604a9b20340f45b422e373068"
  integrity sha512-72RFADWFqKmUb2hmmvNODKL3p9hcB6Gt2DOQMis1SEBaV6a4MH8soBvzg+95CYhCKPFedut2JY9bMfrDl9D23g==
  dependencies:
    "@fastify/busboy" "^2.0.0"
