# THIS IS AN AUTOGENERATED FILE. DO NOT EDIT THIS FILE DIRECTLY.
# yarn lockfile v1


"@builder.io/qwik@0.21.0":
  version "0.21.0"
  resolved "https://registry.yarnpkg.com/@builder.io/qwik/-/qwik-0.21.0.tgz#da967259a79f1aa45c23ea0dc395608c74a543b0"
  integrity sha512-YDQcCSGPgXLQkY260N4XvYavxPNHewzIzIjqbl9hvnnk7a1s4EkcCrkudbGCl6VkkiQsDKMYPsemy4sFpKlafg==

base64url@2.0.0:
  version "2.0.0"
  resolved "https://registry.yarnpkg.com/base64url/-/base64url-2.0.0.tgz#eac16e03ea1438eff9423d69baa36262ed1f70bb"
  integrity sha1-6sFuA+oUOO/5Qj1puqNiYu0fcLs=
