# This file is generated by running "yarn install" inside your project.
# Manual changes might be lost - proceed with caution!

__metadata:
  version: 4
  cacheKey: 7

"audit-ci-yarn-2-high-vulnerability@workspace:.":
  version: 0.0.0-use.local
  resolution: "audit-ci-yarn-2-high-vulnerability@workspace:."
  dependencies:
    cryo: 0.0.6
  languageName: unknown
  linkType: soft

"cryo@npm:0.0.6":
  version: 0.0.6
  resolution: "cryo@npm:0.0.6"
  checksum: d4faaa6bcbc68c60d940aa546d292fe37aec3ec55760113e9da662a265ccd84173b269419e1a6bb789349732432a45f414ddcee379a03b2d63a9c0a584fb68a4
  languageName: node
  linkType: hard
