# This file is generated by running "yarn install" inside your project.
# Manual changes might be lost - proceed with caution!

__metadata:
  version: 4
  cacheKey: 7

"audit-ci-yarn-2-high-vulnerability@workspace:.":
  version: 0.0.0-use.local
  resolution: "audit-ci-yarn-2-high-vulnerability@workspace:."
  dependencies:
    qs: 6.10.2
  languageName: unknown
  linkType: soft

"call-bind@npm:^1.0.7":
  version: 1.0.7
  resolution: "call-bind@npm:1.0.7"
  dependencies:
    es-define-property: ^1.0.0
    es-errors: ^1.3.0
    function-bind: ^1.1.2
    get-intrinsic: ^1.2.4
    set-function-length: ^1.2.1
  checksum: 9286233f365bcd4c318de7aa8e2daf0af82ce2487b884735a76ee66800f27a73f158fed926a948257975f045f2e8c29fd37e4e7918cd415f7d47db51d9edaa22
  languageName: node
  linkType: hard

"define-data-property@npm:^1.1.4":
  version: 1.1.4
  resolution: "define-data-property@npm:1.1.4"
  dependencies:
    es-define-property: ^1.0.0
    es-errors: ^1.3.0
    gopd: ^1.0.1
  checksum: 9cdf97b0c7881e83d08eb9b7748159ea58cd074f2a6c632c530889627b53e7aa865142ab8d33b0d867dee364b1b9dc73a6b300eca0f2751e7d07b037b88f51c6
  languageName: node
  linkType: hard

"es-define-property@npm:^1.0.0":
  version: 1.0.0
  resolution: "es-define-property@npm:1.0.0"
  dependencies:
    get-intrinsic: ^1.2.4
  checksum: 5225f65fb4a716736fb341b55d99f65ff329b7662dd552acec4d28938fa92b4feb3c39ea7aa717b7da9756422870122d6cb2cf27fbac7cb927f10cea23ea0d9a
  languageName: node
  linkType: hard

"es-errors@npm:^1.3.0":
  version: 1.3.0
  resolution: "es-errors@npm:1.3.0"
  checksum: 46c70b612dd7441b73035ecc7ca7bd18695377bf1928a1d2676672d6fb0275ebf0a7b4ac0d40ceb2929a2ea54e877058b9ac77c15d2affa9910644e2cd5562c2
  languageName: node
  linkType: hard

"function-bind@npm:^1.1.2":
  version: 1.1.2
  resolution: "function-bind@npm:1.1.2"
  checksum: 0d0c3d1dbe839454b444f2b9ee49cfdc35e40ed48c46658ad7f45d7e8621479adad93195fdd509860c5a339a69e2ffd9312d2e2ddb8671c248c9ff2942124468
  languageName: node
  linkType: hard

"get-intrinsic@npm:^1.1.3, get-intrinsic@npm:^1.2.4":
  version: 1.2.4
  resolution: "get-intrinsic@npm:1.2.4"
  dependencies:
    es-errors: ^1.3.0
    function-bind: ^1.1.2
    has-proto: ^1.0.1
    has-symbols: ^1.0.3
    hasown: ^2.0.0
  checksum: 5cb54f32b070a3dd3a70a8f3e6b7fc96bc01dc3cbaafc9fa300eb8b25ba9ccbe6a457cb8039d1e908fb91811935e4f93605e962f2fbc32bece6b018abdbbb650
  languageName: node
  linkType: hard

"gopd@npm:^1.0.1":
  version: 1.0.1
  resolution: "gopd@npm:1.0.1"
  dependencies:
    get-intrinsic: ^1.1.3
  checksum: e3e651934e1915cb9dede75440b08542e6232aee55fd4718a432f9a9a341a090842533e202f12b60093adeaad47069dd22713ee5bca5fb63c6ea0ad4f5481c4c
  languageName: node
  linkType: hard

"has-property-descriptors@npm:^1.0.2":
  version: 1.0.2
  resolution: "has-property-descriptors@npm:1.0.2"
  dependencies:
    es-define-property: ^1.0.0
  checksum: 9cd37dd33ecb5ca4141e952e305b5cce1beb5318adb0d05d5155c78101f1af2fd079401a81b55d57bea63e147485c3df55afd76b23c1ac9dbb2a34713516e5e1
  languageName: node
  linkType: hard

"has-proto@npm:^1.0.1":
  version: 1.0.3
  resolution: "has-proto@npm:1.0.3"
  checksum: 4f5b77d7ae4ba301d94afd388224dfd28b5b1991cf83822b3d2ee2cc68970c3df0a2c7678ea8fcdcc79467946440fa309f434beb4d13ef2a124108a0ffdf5635
  languageName: node
  linkType: hard

"has-symbols@npm:^1.0.3":
  version: 1.0.3
  resolution: "has-symbols@npm:1.0.3"
  checksum: 4b7e882feed6c1f53c8a01ec7a55ec0fe7654ebeeee76093916f8b0ccc3e1a6a115def0053e9113a353439c6276a90a5b9623fbed668bab660f65b04af25da2e
  languageName: node
  linkType: hard

"hasown@npm:^2.0.0":
  version: 2.0.2
  resolution: "hasown@npm:2.0.2"
  dependencies:
    function-bind: ^1.1.2
  checksum: e29681c0d8d4deaaf24c88f34238827acaed982fabed30c1922bc39cb8c2ee5140e9b3e6f5bb181363ed6c24c04ae5c04432eb113375210345ce51894059b92d
  languageName: node
  linkType: hard

"object-inspect@npm:^1.13.1":
  version: 1.13.1
  resolution: "object-inspect@npm:1.13.1"
  checksum: 1260295fc6f2928ce83f390371c27dd57a35b2fb59087dbf6e041b0fc7b36332693efb8a5b35fc767360a24ad9ffa7852523cadf7e06e9a17c70493c4adc4180
  languageName: node
  linkType: hard

"qs@npm:6.10.2":
  version: 6.10.2
  resolution: "qs@npm:6.10.2"
  dependencies:
    side-channel: ^1.0.4
  checksum: 379cef374aa25563b78ef6ee65f97a9c3ea0822d243161bea3baf4ed5020b67bdcc077d3918d195bf2f28fa91e7b2bd0da18aa31472c505c43153e4f01b003c8
  languageName: node
  linkType: hard

"set-function-length@npm:^1.2.1":
  version: 1.2.2
  resolution: "set-function-length@npm:1.2.2"
  dependencies:
    define-data-property: ^1.1.4
    es-errors: ^1.3.0
    function-bind: ^1.1.2
    get-intrinsic: ^1.2.4
    gopd: ^1.0.1
    has-property-descriptors: ^1.0.2
  checksum: 789404f1aefdc1c3109f8b333fa0973af1dfd0778a079c5b896fce1d76069675e497dbd3ad0fae8b97032d3ac8e49829dbd0a08addabd2c4aa675c4c71167c3e
  languageName: node
  linkType: hard

"side-channel@npm:^1.0.4":
  version: 1.0.6
  resolution: "side-channel@npm:1.0.6"
  dependencies:
    call-bind: ^1.0.7
    es-errors: ^1.3.0
    get-intrinsic: ^1.2.4
    object-inspect: ^1.13.1
  checksum: 04727f553e6816d6659bc04591e910f8195e5891d55af8b3e72582166c552601ef84ddba7b86ee3be55d3dac3410ad980c1c77dbe52c0ca209a25720f88e3860
  languageName: node
  linkType: hard
