# This file is generated by running "yarn install" inside your project.
# Manual changes might be lost - proceed with caution!

__metadata:
  version: 6
  cacheKey: 8

"audit-ci-yarn-3-critical-vulnerability@workspace:.":
  version: 0.0.0-use.local
  resolution: "audit-ci-yarn-3-critical-vulnerability@workspace:."
  dependencies:
    open: 0.0.5
  languageName: unknown
  linkType: soft

"open@npm:0.0.5":
  version: 0.0.5
  resolution: "open@npm:0.0.5"
  checksum: 2a1a5a0accea9a361a8ba8cf298f7d330f5197a98a0752105084c4a3442a3a174700f661d2f8d5b62eaefe52d192f89492774be32da4541b080eba1c8196951e
  languageName: node
  linkType: hard
