# This file is generated by running "yarn install" inside your project.
# Manual changes might be lost - proceed with caution!

__metadata:
  version: 8
  cacheKey: 10

"audit-ci-yarn-4-moderate-vulnerability@workspace:.":
  version: 0.0.0-use.local
  resolution: "audit-ci-yarn-4-moderate-vulnerability@workspace:."
  dependencies:
    base64url: "npm:2.0.0"
  languageName: unknown
  linkType: soft

"base64url@npm:2.0.0":
  version: 2.0.0
  resolution: "base64url@npm:2.0.0"
  checksum: 10/09c7c9491426b77a1b8e0fa040713f10452e7fe2541eb254a43260b6c9598a08bc25ef8e3b572e324c7238a918b06f524c5214cf0026d273189b89f3485513c4
  languageName: node
  linkType: hard
