# This file is generated by running "yarn install" inside your project.
# Manual changes might be lost - proceed with caution!

__metadata:
  version: 8
  cacheKey: 10

"audit-ci-yarn-4-low-vulnerability@workspace:.":
  version: 0.0.0-use.local
  resolution: "audit-ci-yarn-4-low-vulnerability@workspace:."
  dependencies:
    chownr: "npm:1.1.0"
  languageName: unknown
  linkType: soft

"chownr@npm:1.1.0":
  version: 1.1.0
  resolution: "chownr@npm:1.1.0"
  checksum: 10/afc8c544be1b4f0c17fbee38cbd8c1eccde77ea0fbffaf0e1da8aedf7e11875bcfa065dd1e1b37c5a9bb910b59d3cb301e706c358de5fe0534e91c01919d9131
  languageName: node
  linkType: hard
