# This file is generated by running "yarn install" inside your project.
# Manual changes might be lost - proceed with caution!

__metadata:
  version: 7
  cacheKey: 9

"arr-diff@npm:^1.1.0":
  version: 1.1.0
  resolution: "arr-diff@npm:1.1.0"
  dependencies:
    arr-flatten: "npm:^1.0.1"
    array-slice: "npm:^0.2.3"
  checksum: d817864d6b19673b2de176002ef0e3e9d10a2d76da34f82ee31bbd02d8c1329fff7cd5b2ba43f4345dc863e71f2ae4c646d5d3509612c328ef2dc56417a0689b
  languageName: node
  linkType: hard

"arr-flatten@npm:^1.0.1":
  version: 1.1.0
  resolution: "arr-flatten@npm:1.1.0"
  checksum: e14e0b554eb39e8a5534db0a35cc2c43032d057b3206a35ce28ecbd30e10b910515ba196eaa7858d7c678fbe23aae09f72b1098f44dde23b3891c15455169421
  languageName: node
  linkType: hard

"array-slice@npm:^0.2.3":
  version: 0.2.3
  resolution: "array-slice@npm:0.2.3"
  checksum: f80d329762cb710d3ff8611765cfe6b3fe6f178ec43c2c5407cdb2e5234a813be512863ab6452e8bc9cbd4b6f14a684d8ac72ccb875d100b4a2bcb0c74a1a0da
  languageName: node
  linkType: hard

"array-unique@npm:^0.2.1":
  version: 0.2.1
  resolution: "array-unique@npm:0.2.1"
  checksum: fc4728ad12d21c47142d4aef831d9b31c44bc7a6e87877111fc2272be1f6f8dd9e5381e847f2a5d3e41739ccee0f6c35b311da81065146b56922c4ca74cbc72c
  languageName: node
  linkType: hard

"audit-ci-yarn-4-low-vulnerability@workspace:.":
  version: 0.0.0-use.local
  resolution: "audit-ci-yarn-4-low-vulnerability@workspace:."
  dependencies:
    micromatch: "npm:2.3.0"
  languageName: unknown
  linkType: soft

"braces@npm:^1.8.1":
  version: 1.8.5
  resolution: "braces@npm:1.8.5"
  dependencies:
    expand-range: "npm:^1.8.1"
    preserve: "npm:^0.2.0"
    repeat-element: "npm:^1.1.2"
  checksum: a2d57072149243a48a4b5498474a92ee30379e0547b07e63616ec4ac0e4552447d189d3f406335eeb5c34529ddb0aa0c9227e933106d9573700861db1d5f64fd
  languageName: node
  linkType: hard

"expand-brackets@npm:^0.1.4":
  version: 0.1.5
  resolution: "expand-brackets@npm:0.1.5"
  dependencies:
    is-posix-bracket: "npm:^0.1.0"
  checksum: abf2f9de4e8948d85f7726ebdda61c5d65bb9eb0d5960998bf47530059efc611768b4c6d53ca3f17e64e8e3973a76b686dbbe9264730e808f53b13e5f784542d
  languageName: node
  linkType: hard

"expand-range@npm:^1.8.1":
  version: 1.8.2
  resolution: "expand-range@npm:1.8.2"
  dependencies:
    fill-range: "npm:^2.1.0"
  checksum: 45e747ddbfc040e3723110f0a67589509b6a57b34180dbe14f5bc37e27ae50f13326d7b418164d47b11660690147a5f11250e1ad5d7174145816644447737ceb
  languageName: node
  linkType: hard

"extglob@npm:^0.3.1":
  version: 0.3.2
  resolution: "extglob@npm:0.3.2"
  dependencies:
    is-extglob: "npm:^1.0.0"
  checksum: cc544d45abed35a7b15059867a1aa2608e08e77673022e202226c8c8e0e42bb62568c8cb2bfbc7a48550bc6abc2f3ba39f5cdbf619daf04bc3c2a53dfba383e6
  languageName: node
  linkType: hard

"filename-regex@npm:^2.0.0":
  version: 2.0.1
  resolution: "filename-regex@npm:2.0.1"
  checksum: 48013cef3e8d98087409a6822d034376aaa5ae857a7b62f725e7281cef959f2937619b1427c4353e18e5d8546b5605cc289550d4970ecca15acf746a39da091a
  languageName: node
  linkType: hard

"fill-range@npm:^2.1.0":
  version: 2.2.4
  resolution: "fill-range@npm:2.2.4"
  dependencies:
    is-number: "npm:^2.1.0"
    isobject: "npm:^2.0.0"
    randomatic: "npm:^3.0.0"
    repeat-element: "npm:^1.1.2"
    repeat-string: "npm:^1.5.2"
  checksum: 9c0f9aa4ee1fa8d5a49ccd95432cbc48432f17416ea24309a0a2cf97a805c3889a2a23a0a87baf0cdf5bd9ec2e6d221ca28dc49a10859068621e91a5aa2bd49f
  languageName: node
  linkType: hard

"for-in@npm:^1.0.1":
  version: 1.0.2
  resolution: "for-in@npm:1.0.2"
  checksum: 7e1328a767701fcd94b4244d196f249b35d252ad04b542d2023d1ba5905e81e9134317c9d6b6c9a3c33bd47fe191b31f18c602c4fc9fafd1ee02c8d7c4290e67
  languageName: node
  linkType: hard

"for-own@npm:^0.1.4":
  version: 0.1.5
  resolution: "for-own@npm:0.1.5"
  dependencies:
    for-in: "npm:^1.0.1"
  checksum: ae94659ea8410a4ce75d0f9cd6e525b9e389e404f46f0c8a72a41cf9c2e5ce7e9e09171f65119f2206842a67050fdc896e7889e7c3c1d55988dfd89a65227f59
  languageName: node
  linkType: hard

"glob-base@npm:^0.3.0":
  version: 0.3.0
  resolution: "glob-base@npm:0.3.0"
  dependencies:
    glob-parent: "npm:^2.0.0"
    is-glob: "npm:^2.0.0"
  checksum: 9b3732a033ccd8ed2a126019a630080670475da2364100a1f58f0489a43ff4187ff45cf9238b6fabbe80001525eb45b503fc1a6c8b81cc91cd430cdb0aa14d64
  languageName: node
  linkType: hard

"glob-parent@npm:^2.0.0":
  version: 2.0.0
  resolution: "glob-parent@npm:2.0.0"
  dependencies:
    is-glob: "npm:^2.0.0"
  checksum: 1afe8eb07483b707607ad42bff60cbba00cc42bf25cc1724b795234679df2c964a918719cddaa6e53c30a832ba70852a389c37fded5fbe1c2d6e6fd6338a8f27
  languageName: node
  linkType: hard

"is-buffer@npm:^1.0.2, is-buffer@npm:^1.1.5":
  version: 1.1.6
  resolution: "is-buffer@npm:1.1.6"
  checksum: a3857c313fad2bc168a0e0af61d9e8149fe1aa251bc1bb717cf309f8fc3266c2701f82cdf8b224f24e916e32c248da4ead85151ad43c2787090c57b3469f9af7
  languageName: node
  linkType: hard

"is-dotfile@npm:^1.0.0":
  version: 1.0.3
  resolution: "is-dotfile@npm:1.0.3"
  checksum: b24bfe4d58eaa9d5a0b1998338e715b4c312bf48a82f84d427b8dd89441e99f2743a5621e15af247a20c1ffcc944df9f9f8a822904c3411be499fa39b2b91c85
  languageName: node
  linkType: hard

"is-equal-shallow@npm:^0.1.3":
  version: 0.1.3
  resolution: "is-equal-shallow@npm:0.1.3"
  dependencies:
    is-primitive: "npm:^2.0.0"
  checksum: 7468c7ce46369a29efedc6c9f48a683d77f0d6c66cb170c8020d8f7696ef64de7365b2c8ce38f1489bd8443c630859a3a001c370713e7b2ea18dd9b97a7cb64a
  languageName: node
  linkType: hard

"is-extendable@npm:^0.1.1":
  version: 0.1.1
  resolution: "is-extendable@npm:0.1.1"
  checksum: ffa5a697b932aeb992b4471674489fd07c223034e0d8ed4b7ef70a7daab850aaccc09519e40d02a36b98b30f978f38697e53cb32e3d4bc3c3d6af229c47a1822
  languageName: node
  linkType: hard

"is-extglob@npm:^1.0.0":
  version: 1.0.0
  resolution: "is-extglob@npm:1.0.0"
  checksum: 10c3d0dabee3f02b44e9fc25f880d79e2c7926ce89d87e94a8f3b34e3abde21b50da4488fc05ba5c2b40bb3c908629dee911f9ddff9341e0a1e5fbc2053a17b4
  languageName: node
  linkType: hard

"is-glob@npm:^2.0.0, is-glob@npm:^2.0.1":
  version: 2.0.1
  resolution: "is-glob@npm:2.0.1"
  dependencies:
    is-extglob: "npm:^1.0.0"
  checksum: ab4b456386720dbcb47f04a076be0821c8826d445ec0fa83a387207dfe832d6a2390cd272f32af37d88b98aa7e290b778f98b80b17a05642a5cb589cfca4eb2b
  languageName: node
  linkType: hard

"is-number@npm:^2.1.0":
  version: 2.1.0
  resolution: "is-number@npm:2.1.0"
  dependencies:
    kind-of: "npm:^3.0.2"
  checksum: 7c06a0ee30003a78e2f0cd678f093e89bf75fc24d6b0260edcac76d483b2777503dcb87e45fa8ac52919a0d824e8686da1713825214877cecabc17ec25cff809
  languageName: node
  linkType: hard

"is-number@npm:^4.0.0":
  version: 4.0.0
  resolution: "is-number@npm:4.0.0"
  checksum: 2663ac57b0c3c668d167395c1adad6fb7c36023150fb95e5ff515a3a17586c1ee7f7970933766efe49d697f3574641b63dfa7940964d7fb9339a5740cc6e39d8
  languageName: node
  linkType: hard

"is-posix-bracket@npm:^0.1.0":
  version: 0.1.1
  resolution: "is-posix-bracket@npm:0.1.1"
  checksum: 98b31cbd8cbe58e7fe38bbd4592eb9fd14136e23186af0bc990cf05f2cf9b8cc80c9d8fbe07d2bb1e56982af5bcc0fa90355ae594520c1e8a0f1595deb686c6c
  languageName: node
  linkType: hard

"is-primitive@npm:^2.0.0":
  version: 2.0.0
  resolution: "is-primitive@npm:2.0.0"
  checksum: b96c4fc6b968a4e0ab149b5a3cbd9b3867c0be57fd14bf4158272e84b29795a41877cf05e4e7e35f0211482b6734e078a86348d814dc19964c236100b29c58cf
  languageName: node
  linkType: hard

"isarray@npm:1.0.0":
  version: 1.0.0
  resolution: "isarray@npm:1.0.0"
  checksum: 7b41a2a80d6285328dddeecd3e45a5c73264e8ff8817bb7dc39f6f47323dfaa28e27c13918aac4aa88e48800a4f1eee2e5e966da433e06085ef0a7592dcf6880
  languageName: node
  linkType: hard

"isobject@npm:^2.0.0":
  version: 2.1.0
  resolution: "isobject@npm:2.1.0"
  dependencies:
    isarray: "npm:1.0.0"
  checksum: 99df852e57e1ab7ec863ad56affadd024944607da525e78c430b813bb2c901f95321c689c9617852c50f808a6b61f2f90246c61df6d32f69f09f80af7f97a145
  languageName: node
  linkType: hard

"kind-of@npm:^2.0.1":
  version: 2.0.1
  resolution: "kind-of@npm:2.0.1"
  dependencies:
    is-buffer: "npm:^1.0.2"
  checksum: 700591b8f466dbc331a057a3b80b69339fc77ecd2ea8bdb58b1ef8cfc5bf61c05a17616bde6cb3df4af0e3b6ef7f9d52afb2518c5807772f93634e3a3a772c76
  languageName: node
  linkType: hard

"kind-of@npm:^3.0.2":
  version: 3.2.2
  resolution: "kind-of@npm:3.2.2"
  dependencies:
    is-buffer: "npm:^1.1.5"
  checksum: 0d9abb42418672d172161162a115633d0b0573837e649fe7f41e492708a2dbaf41a4f6bee041ca1a54639631355f77d414e308221ac6e2ea2e7552d26507597c
  languageName: node
  linkType: hard

"kind-of@npm:^6.0.0":
  version: 6.0.3
  resolution: "kind-of@npm:6.0.3"
  checksum: 4adceee06111de8a2d02e7b542c957caad38f2d54c522da0387f4735804bf1819b2ccd918c8d1c8a73276caf9d728fc8276b53e142d23879c4728a6edcbdf722
  languageName: node
  linkType: hard

"lazy-cache@npm:^0.2.3":
  version: 0.2.7
  resolution: "lazy-cache@npm:0.2.7"
  checksum: 2a69cd602390d6eb12eae94684269bb07bacdbb9f6025cd2d69a0e5568f06189a2206aaff5f321847864bdfcca04b2c44a74f4e0c4015835850fba2afb94cc46
  languageName: node
  linkType: hard

"math-random@npm:^1.0.1":
  version: 1.0.4
  resolution: "math-random@npm:1.0.4"
  checksum: 6573eb9939bbaa70d26f7bf2b431f90da6c352935364d2d5f760f60ea930c0c910e96f1c18652c227316adcc77c6b8aa027ab57d1cadb22963a803fd79153080
  languageName: node
  linkType: hard

"micromatch@npm:2.3.0":
  version: 2.3.0
  resolution: "micromatch@npm:2.3.0"
  dependencies:
    arr-diff: "npm:^1.1.0"
    array-unique: "npm:^0.2.1"
    braces: "npm:^1.8.1"
    expand-brackets: "npm:^0.1.4"
    extglob: "npm:^0.3.1"
    filename-regex: "npm:^2.0.0"
    is-extglob: "npm:^1.0.0"
    is-glob: "npm:^2.0.1"
    kind-of: "npm:^2.0.1"
    lazy-cache: "npm:^0.2.3"
    normalize-path: "npm:^2.0.0"
    object.omit: "npm:^2.0.0"
    parse-glob: "npm:^3.0.4"
    regex-cache: "npm:^0.4.2"
  checksum: b58347b3cada18ac2df23f6d8e6829ac7a5cfeb9d65eb115b995246b745c82c182340e589d7992e624212fa2a5cd8c66109d6f0e7d10664306f1c030678feb57
  languageName: node
  linkType: hard

"normalize-path@npm:^2.0.0":
  version: 2.1.1
  resolution: "normalize-path@npm:2.1.1"
  dependencies:
    remove-trailing-separator: "npm:^1.0.1"
  checksum: 0987d81d5f731b480b60ba650be3217a996118807beb33b63272e40ad8b86bdbe6cb73d760038a57c20dbf299ff979da49ec3b15a39fe2c48f48f36baac4c9c7
  languageName: node
  linkType: hard

"object.omit@npm:^2.0.0":
  version: 2.0.1
  resolution: "object.omit@npm:2.0.1"
  dependencies:
    for-own: "npm:^0.1.4"
    is-extendable: "npm:^0.1.1"
  checksum: c5fc095f019f0d79e49bdfe3eb9e2c41d35cc502607934c208af3f8c5e76864bc7355cbafad166c4ff887241e7917b8308f9c6db5a366de3a8ac6ba472c7c755
  languageName: node
  linkType: hard

"parse-glob@npm:^3.0.4":
  version: 3.0.4
  resolution: "parse-glob@npm:3.0.4"
  dependencies:
    glob-base: "npm:^0.3.0"
    is-dotfile: "npm:^1.0.0"
    is-extglob: "npm:^1.0.0"
    is-glob: "npm:^2.0.0"
  checksum: aad1c89b3ab7fdba1349239b45c91bb93e639bdbf2c18e9fe63bebd622ba80badfc40ca702fe304046933ad226bdcb6d0aa964e7680b769936b218a271373efe
  languageName: node
  linkType: hard

"preserve@npm:^0.2.0":
  version: 0.2.0
  resolution: "preserve@npm:0.2.0"
  checksum: 3d704519624bdb6296c3b7678b0bcd2a025f328a9eba15bcda0e967bcbad2d4405ab362d292c4d3a6e6c4bac05cd5bfb459d70c6a32a26f52e4dea4159ca7922
  languageName: node
  linkType: hard

"randomatic@npm:^3.0.0":
  version: 3.1.1
  resolution: "randomatic@npm:3.1.1"
  dependencies:
    is-number: "npm:^4.0.0"
    kind-of: "npm:^6.0.0"
    math-random: "npm:^1.0.1"
  checksum: 66938898f30a73a0063a937ccfec2c2069196c3c78984c53e03f6f09d642264fc08c58ed5225d3c1c87b6f0858c82ede837d30d61abda4763516e02ff1f984df
  languageName: node
  linkType: hard

"regex-cache@npm:^0.4.2":
  version: 0.4.4
  resolution: "regex-cache@npm:0.4.4"
  dependencies:
    is-equal-shallow: "npm:^0.1.3"
  checksum: e0f3a91f95e769b6a3effcec8fbbcbe137be367e35ac26002fded5fa8b2d03d76a59b237813ac3e59ce6e2bbbeb28595d7df06ad08db7bcbacd75f5bf94d93bc
  languageName: node
  linkType: hard

"remove-trailing-separator@npm:^1.0.1":
  version: 1.1.0
  resolution: "remove-trailing-separator@npm:1.1.0"
  checksum: 3ccd7a52d93044ca11dcc29292bfa3167f42083e45263c096d38adc3174c15ad537215c15f22d85359fbad6067a58fce528d2cf4464e398a1558835de5b4cae6
  languageName: node
  linkType: hard

"repeat-element@npm:^1.1.2":
  version: 1.1.3
  resolution: "repeat-element@npm:1.1.3"
  checksum: cdee0fbcef4b34f4c99ac94b60037158c3f7474285338f2d08bfd0abc685c780d001f92fe1b8efd42862be613ca1dfcd621cfd83b8a8094af360ee015343cca7
  languageName: node
  linkType: hard

"repeat-string@npm:^1.5.2":
  version: 1.6.1
  resolution: "repeat-string@npm:1.6.1"
  checksum: aa893b7e42c56727dce0f9bf902c5156b9b914c3a31b4a3831e673d43502ce7613311ba38b2c1852c7ea4f9f88e10aa985e162e7ae2e424e0a0ebd761b21f678
  languageName: node
  linkType: hard
