# This file is generated by running "yarn install" inside your project.
# Manual changes might be lost - proceed with caution!

__metadata:
  version: 8
  cacheKey: 10

"audit-ci-yarn-4-low-vulnerability@workspace:.":
  version: 0.0.0-use.local
  resolution: "audit-ci-yarn-4-low-vulnerability@workspace:."
  dependencies:
    chownr: "npm:1.0.0"
  languageName: unknown
  linkType: soft

"chownr@npm:1.0.0":
  version: 1.0.0
  resolution: "chownr@npm:1.0.0"
  checksum: 10/dc383f4bf81a8a6562ede3575a7ba2268c7b62a85e35dd3469baa56284f6f6217a572b62b25968fb6137b210e831984ba3f6c67c209aa649207fee5059cbf5f1
  languageName: node
  linkType: hard
