# This file is generated by running "yarn install" inside your project.
# Manual changes might be lost - proceed with caution!

__metadata:
  version: 4
  cacheKey: 7

"audit-ci-yarn-2-low-vulnerability@workspace:.":
  version: 0.0.0-use.local
  resolution: "audit-ci-yarn-2-low-vulnerability@workspace:."
  dependencies:
    chownr: 1.0.0
  languageName: unknown
  linkType: soft

"chownr@npm:1.0.0":
  version: 1.0.0
  resolution: "chownr@npm:1.0.0"
  checksum: b3217c6d041a9ba14aa4f4a2dc0c1cade8b34e21dfaf1fc33a0dcb0dbf76e412c309978b280bd144fabc46ac309b5422b664c3c8be70364edaa2645a93008c56
  languageName: node
  linkType: hard
