# This file is generated by running "yarn install" inside your project.
# Manual changes might be lost - proceed with caution!

__metadata:
  version: 7
  cacheKey: 9

"audit-ci-yarn-4-workspace-critical-vulnerability-dev@workspace:packages/yarn-critical-dev":
  version: 0.0.0-use.local
  resolution: "audit-ci-yarn-4-workspace-critical-vulnerability-dev@workspace:packages/yarn-critical-dev"
  dependencies:
    open: "npm:0.0.5"
  languageName: unknown
  linkType: soft

"audit-ci-yarn-4-workspace-high-vulnerability@workspace:packages/yarn-high":
  version: 0.0.0-use.local
  resolution: "audit-ci-yarn-4-workspace-high-vulnerability@workspace:packages/yarn-high"
  dependencies:
    cryo: "npm:0.0.6"
  languageName: unknown
  linkType: soft

"audit-ci-yarn-4-workspace-moderate-vulnerability@workspace:packages/yarn-moderate":
  version: 0.0.0-use.local
  resolution: "audit-ci-yarn-4-workspace-moderate-vulnerability@workspace:packages/yarn-moderate"
  dependencies:
    base64url: "npm:2.0.0"
  languageName: unknown
  linkType: soft

"audit-ci-yarn-4-workspace@workspace:.":
  version: 0.0.0-use.local
  resolution: "audit-ci-yarn-4-workspace@workspace:."
  languageName: unknown
  linkType: soft

"base64url@npm:2.0.0":
  version: 2.0.0
  resolution: "base64url@npm:2.0.0"
  checksum: 0583b07e09069f1ec0edb09c44e1da431f7b88dc5289bff78f6ba5d033946f3b329bb2e578e21010483d42f74878edcab8781e41db88b6f78d164b1830af819d
  languageName: node
  linkType: hard

"cryo@npm:0.0.6":
  version: 0.0.6
  resolution: "cryo@npm:0.0.6"
  checksum: d6bea1dcad60fc06d2c52d0ba061036e24af675299285fc0705c2623a19fedd7d9e0a2d5d04f4730d8eb75be6d321aeca954f3389c9e93bec83ef777c06b4a91
  languageName: node
  linkType: hard

"open@npm:0.0.5":
  version: 0.0.5
  resolution: "open@npm:0.0.5"
  checksum: 0eb72096c395ef9a8f9540cf83d120f87920ba67c7c7efebe1e581f740bf43e27b16d7ab922379fc7afa5662ea941ee9ee7cbb51a459dc8092eec9f3949b057d
  languageName: node
  linkType: hard
