# This file is generated by running "yarn install" inside your project.
# Manual changes might be lost - proceed with caution!

__metadata:
  version: 6
  cacheKey: 8

"audit-ci-yarn-3-moderate-vulnerability@workspace:.":
  version: 0.0.0-use.local
  resolution: "audit-ci-yarn-3-moderate-vulnerability@workspace:."
  dependencies:
    base64url: 2.0.0
  languageName: unknown
  linkType: soft

"base64url@npm:2.0.0":
  version: 2.0.0
  resolution: "base64url@npm:2.0.0"
  checksum: 34ad5bdae0a0d437279e2631a9f6b9d82c076a2f1e9356c8ebe65c8e570905caadf76e73cc416cc3ed799539b34b4f0faa5d0119eb5aff5e79d735f597c038b0
  languageName: node
  linkType: hard
