# This file is generated by running "yarn install" inside your project.
# Manual changes might be lost - proceed with caution!

__metadata:
  version: 8
  cacheKey: 10

"audit-ci-yarn-4-workspace-empty-package-a@workspace:packages/package-a":
  version: 0.0.0-use.local
  resolution: "audit-ci-yarn-4-workspace-empty-package-a@workspace:packages/package-a"
  languageName: unknown
  linkType: soft

"audit-ci-yarn-4-workspace-empty-package-b@workspace:packages/package-b":
  version: 0.0.0-use.local
  resolution: "audit-ci-yarn-4-workspace-empty-package-b@workspace:packages/package-b"
  languageName: unknown
  linkType: soft

"audit-ci-yarn-4-workspace-empty@workspace:.":
  version: 0.0.0-use.local
  resolution: "audit-ci-yarn-4-workspace-empty@workspace:."
  languageName: unknown
  linkType: soft
