# This file is generated by running "yarn install" inside your project.
# Manual changes might be lost - proceed with caution!

__metadata:
  version: 4
  cacheKey: 7

"arr-diff@npm:^1.1.0":
  version: 1.1.0
  resolution: "arr-diff@npm:1.1.0"
  dependencies:
    arr-flatten: ^1.0.1
    array-slice: ^0.2.3
  checksum: 6e1996cb1bb970c55d16d6ec935a4036e9694a2577a2f26a55af50b1b36cb57effe849667f613e972210b64bf1bf719f11208f825e8f751b85154633f9aef9db
  languageName: node
  linkType: hard

"arr-flatten@npm:^1.0.1":
  version: 1.1.0
  resolution: "arr-flatten@npm:1.1.0"
  checksum: 564dc9c32cb20a1b5bc6eeea3b7a7271fcc5e9f1f3d7648b9db145b7abf68815562870267010f9f4976d788f3f79d2ccf176e94cee69af7da48943a71041ab57
  languageName: node
  linkType: hard

"array-slice@npm:^0.2.3":
  version: 0.2.3
  resolution: "array-slice@npm:0.2.3"
  checksum: 2f585a1f0d027825598117fcb860a6a12ee7c7bfbbf9037bd3b5008ebd8186b8f4beede257f0a4be408c6f6897cbe3f494056ba6ac2f5d020b402a9993041170
  languageName: node
  linkType: hard

"array-unique@npm:^0.2.1":
  version: 0.2.1
  resolution: "array-unique@npm:0.2.1"
  checksum: d27ef6bed9515bb6d507398e4f968d4643aa8a82eb5e52222a478798649b2fe634b8d65adb3394e52e3b39ac511f6c07e1b4265e17ceb7c766aca8529e3d02bc
  languageName: node
  linkType: hard

"audit-ci-yarn-berry-low-vulnerability@workspace:.":
  version: 0.0.0-use.local
  resolution: "audit-ci-yarn-berry-low-vulnerability@workspace:."
  dependencies:
    micromatch: 2.3.0
  languageName: unknown
  linkType: soft

"braces@npm:^1.8.1":
  version: 1.8.5
  resolution: "braces@npm:1.8.5"
  dependencies:
    expand-range: ^1.8.1
    preserve: ^0.2.0
    repeat-element: ^1.1.2
  checksum: b2a9c621e1f3c44f44618c0b132fdcf043e1dc364a31d9e787caae368d5023fee2fa1080b7aaf374ff437593fb13d1f165bf210e935ed02aaed14cc87cb3170f
  languageName: node
  linkType: hard

"expand-brackets@npm:^0.1.4":
  version: 0.1.5
  resolution: "expand-brackets@npm:0.1.5"
  dependencies:
    is-posix-bracket: ^0.1.0
  checksum: 927f4818e15f0a09a9ba66aa02568d1ae0dca272bd431f20caaeb19cd8b0b5a926910ade7bb92350d7ac025594222c5c0af79c7917d12b728917e08dc165282d
  languageName: node
  linkType: hard

"expand-range@npm:^1.8.1":
  version: 1.8.2
  resolution: "expand-range@npm:1.8.2"
  dependencies:
    fill-range: ^2.1.0
  checksum: 0df22f2b18552a67384722c53f348a8d886a05bcc5813dc1ae642d89e7d42f7606ae5b2f41b097da684fae1621e3de35640fb4bc96bf64383865a668e778dd15
  languageName: node
  linkType: hard

"extglob@npm:^0.3.1":
  version: 0.3.2
  resolution: "extglob@npm:0.3.2"
  dependencies:
    is-extglob: ^1.0.0
  checksum: 3ca658afd4f980b29a1b49eda8f527916383982111a62edf7624a1c84ce1617e23f5312f2e5b65edeae6a494c2a0c72a6a7cfd9e3dac2b8fc501cd9f667525d3
  languageName: node
  linkType: hard

"filename-regex@npm:^2.0.0":
  version: 2.0.1
  resolution: "filename-regex@npm:2.0.1"
  checksum: 1ea8f335e516698dac9bd010078b47607e393e9c082160d1963f97b04f474ec298fac046388ddc3f59ddcff054e1e8b02e9fa093f422bebbca3b449857b158a8
  languageName: node
  linkType: hard

"fill-range@npm:^2.1.0":
  version: 2.2.4
  resolution: "fill-range@npm:2.2.4"
  dependencies:
    is-number: ^2.1.0
    isobject: ^2.0.0
    randomatic: ^3.0.0
    repeat-element: ^1.1.2
    repeat-string: ^1.5.2
  checksum: bef48341c63659cd53be98b9afe2e4a4662816b2e6e3bf7874486922e8b69ce072fefb2b40b04b9d7e25105ac31bf4ac8b93a3f7c061557c43c6551d081f471b
  languageName: node
  linkType: hard

"for-in@npm:^1.0.1":
  version: 1.0.2
  resolution: "for-in@npm:1.0.2"
  checksum: e8d7280a654216e9951103e407d1655c2dfa67178ad468cb0b35701df6b594809ccdc66671b3478660d0e6c4bca9d038b1f1fc032716a184c19d67319550c554
  languageName: node
  linkType: hard

"for-own@npm:^0.1.4":
  version: 0.1.5
  resolution: "for-own@npm:0.1.5"
  dependencies:
    for-in: ^1.0.1
  checksum: 7b9778a9197ab519e2c94aec35b44efb467d1867c181cea5a28d7a819480ce5ffcae0b4ae63f15d42f16312d72e63c3cdb1acbc407528ea0ba27afb9df4c958a
  languageName: node
  linkType: hard

"glob-base@npm:^0.3.0":
  version: 0.3.0
  resolution: "glob-base@npm:0.3.0"
  dependencies:
    glob-parent: ^2.0.0
    is-glob: ^2.0.0
  checksum: 9a464f8b5a97ee2a524f7534a2ef42b731a22b37849925d831052ed7afc5b50827e524da5cc1f1961e574bcf9ffcde99b9161fc75e44c7bf397aad1f93fe5d6c
  languageName: node
  linkType: hard

"glob-parent@npm:^2.0.0":
  version: 2.0.0
  resolution: "glob-parent@npm:2.0.0"
  dependencies:
    is-glob: ^2.0.0
  checksum: d3d0bc909b973b361ccd20cf82907a19ade72554c1caffee982fad3ac4d0cbfeabe9609fe7188aab6c4dfdf68af96f35623fe1453195baf5414e2a1834b44c59
  languageName: node
  linkType: hard

"is-buffer@npm:^1.0.2, is-buffer@npm:^1.1.5":
  version: 1.1.6
  resolution: "is-buffer@npm:1.1.6"
  checksum: 336ec78f00e88efe6ff6f1aa08d06aadb942a6cd320e5f538ac00648378fb964743b3737c88ce7ce8741c067e4a3b78f596b83ee1a3c72dc2885ea0b03dc84f2
  languageName: node
  linkType: hard

"is-dotfile@npm:^1.0.0":
  version: 1.0.3
  resolution: "is-dotfile@npm:1.0.3"
  checksum: 82be54d6d57710d393c2275a63f4c60b33bfe5e21080899073b4ef315f13c9017891aed3477c2c1ecfc43b2a1c2180151fad8fab02aba930473e88b00393501f
  languageName: node
  linkType: hard

"is-equal-shallow@npm:^0.1.3":
  version: 0.1.3
  resolution: "is-equal-shallow@npm:0.1.3"
  dependencies:
    is-primitive: ^2.0.0
  checksum: 44c7156c3fcdf08aee3422000e133c8281228e1d0f9a55c20f8db123ad10554000aeb862505188d279a1d93faea96977cc603254ab4986b25746e7cd8a1fedf2
  languageName: node
  linkType: hard

"is-extendable@npm:^0.1.1":
  version: 0.1.1
  resolution: "is-extendable@npm:0.1.1"
  checksum: 9d051e68c38b09c242564b62d98cdcc0ba5b20421340c95d5ae023955dcaf31ae1d614e1eb7a18a6358d4c47ea77d811623e1777a0589df9ac5928c370edd5e5
  languageName: node
  linkType: hard

"is-extglob@npm:^1.0.0":
  version: 1.0.0
  resolution: "is-extglob@npm:1.0.0"
  checksum: 77073b0ebe962261395f4f72e594ca53157cdb14e41070fd856aca1422f0c1c49a26a55dabdf3c66559c98ca1a6a1ac8b9342034c5577714008b21fd314595a4
  languageName: node
  linkType: hard

"is-glob@npm:^2.0.0, is-glob@npm:^2.0.1":
  version: 2.0.1
  resolution: "is-glob@npm:2.0.1"
  dependencies:
    is-extglob: ^1.0.0
  checksum: b3190fc9ca6ad047f6e1856bb80b5b7de740c727025300b078a5557a27c5d1d25594baf8bd582529963eda61cc73c5d8cb546dba8e8afeaeef58012343c52600
  languageName: node
  linkType: hard

"is-number@npm:^2.1.0":
  version: 2.1.0
  resolution: "is-number@npm:2.1.0"
  dependencies:
    kind-of: ^3.0.2
  checksum: 54ecb5cc8e6c262a40adc5e0c40b6a4b209070ce8b83e436697938b3ce550185ec56d30a1fdcc84381fb34b150b326eb09f72a6aa2e587aaeaf098a894090950
  languageName: node
  linkType: hard

"is-number@npm:^4.0.0":
  version: 4.0.0
  resolution: "is-number@npm:4.0.0"
  checksum: dda8d33df5fac78f0ce1723a995f0c4a630f59d62390665c52797f39fa9aabaeb1ce8179b29fc02c00cd339da629827e64a6ecc3e2d7619e0b787ea302d88db2
  languageName: node
  linkType: hard

"is-posix-bracket@npm:^0.1.0":
  version: 0.1.1
  resolution: "is-posix-bracket@npm:0.1.1"
  checksum: 631615d7c84800acaa71536359115f4d47ce25e0512b342b18f1790609b40a2e71ded019bd3f8d3395ae9422a420a4bcf517298d52a5559f29d68ebcf787b348
  languageName: node
  linkType: hard

"is-primitive@npm:^2.0.0":
  version: 2.0.0
  resolution: "is-primitive@npm:2.0.0"
  checksum: 887f209dcefc7c5e78aaddb73d6083cd92fbfbc90b6b3b5e06dd64bdfc6a57bcee58eb48718fa7b4abe96cc641e365dccdc14a43789fc147c319e4fdebd7d4df
  languageName: node
  linkType: hard

"isarray@npm:1.0.0":
  version: 1.0.0
  resolution: "isarray@npm:1.0.0"
  checksum: b0ff31a290e783f7b3fb73f2951ee7fc2946dc197b05f73577dc77f87dc3be2e0f66007bedf069123d4e5c4b691e7c89a241f6ca06f0c0f4765cdac5aa4b4047
  languageName: node
  linkType: hard

"isobject@npm:^2.0.0":
  version: 2.1.0
  resolution: "isobject@npm:2.1.0"
  dependencies:
    isarray: 1.0.0
  checksum: 2e7d7dd8d5874d1c32a0380f8b5d8d84aee782e0137e5978f75e27402ee2d49ca194baf7acd43d176f4fe0d925090b8b336461741674f402558e954c8c4ee886
  languageName: node
  linkType: hard

"kind-of@npm:^2.0.1":
  version: 2.0.1
  resolution: "kind-of@npm:2.0.1"
  dependencies:
    is-buffer: ^1.0.2
  checksum: 0f4fd99fe07d59ab03523297b719f0262fb3c58cbed613a491e3dce141d193bc673612b4936b42b3da38268c534432886be52c9b31b95d0e741ae122d7249230
  languageName: node
  linkType: hard

"kind-of@npm:^3.0.2":
  version: 3.2.2
  resolution: "kind-of@npm:3.2.2"
  dependencies:
    is-buffer: ^1.1.5
  checksum: e8a1835c4baa9b52666cd5d8ae89e6b9b9f5978600a30ba75fc92da332d1ba182bda90aa7372fc992a3eb6da261dc3fea0f136af24ddc87cfb668d40c817af56
  languageName: node
  linkType: hard

"kind-of@npm:^6.0.0":
  version: 6.0.3
  resolution: "kind-of@npm:6.0.3"
  checksum: 5de5d6577796af87a983199d6350ed41c670abec4a306cc43ca887c1afdbd6b89af9ab00016e3ca17eb7ad89ebfd9bb817d33baa89f855c6c95398a8b8abbf08
  languageName: node
  linkType: hard

"lazy-cache@npm:^0.2.3":
  version: 0.2.7
  resolution: "lazy-cache@npm:0.2.7"
  checksum: fde942600bbaed35f93dc86e7573a0997f36e05421cd547c2387a902b58823f9e0950d5aa284588929a72c1b072257c04426e1d777fc750a9c7ec8753134152e
  languageName: node
  linkType: hard

"math-random@npm:^1.0.1":
  version: 1.0.4
  resolution: "math-random@npm:1.0.4"
  checksum: 84d091e9b24325802d78cae20e7ba249fec8dd21b158f93c36c636a188bee8ae5866cf0743b7f5c2429663735f8ac41bc60fc8b9a1c7f71f79f791d24c7eb893
  languageName: node
  linkType: hard

"micromatch@npm:2.3.0":
  version: 2.3.0
  resolution: "micromatch@npm:2.3.0"
  dependencies:
    arr-diff: ^1.1.0
    array-unique: ^0.2.1
    braces: ^1.8.1
    expand-brackets: ^0.1.4
    extglob: ^0.3.1
    filename-regex: ^2.0.0
    is-extglob: ^1.0.0
    is-glob: ^2.0.1
    kind-of: ^2.0.1
    lazy-cache: ^0.2.3
    normalize-path: ^2.0.0
    object.omit: ^2.0.0
    parse-glob: ^3.0.4
    regex-cache: ^0.4.2
  checksum: 51a8421afde82a35337f03e3b38a8fada097a5a53929ead5679aa683a49e2b046065657453d5e405c3fb855b288fcd5b96cde77f3818911a11e3e47314a8f9ea
  languageName: node
  linkType: hard

"normalize-path@npm:^2.0.0":
  version: 2.1.1
  resolution: "normalize-path@npm:2.1.1"
  dependencies:
    remove-trailing-separator: ^1.0.1
  checksum: 9eb82b2f6abc1b99d820c36405d6b7a26a4cfa49d49d397eb2ad606b1295cb8e243b6071b18826907ae54a9a2b35373a83d827d843d19b76efcfa267d72cb301
  languageName: node
  linkType: hard

"object.omit@npm:^2.0.0":
  version: 2.0.1
  resolution: "object.omit@npm:2.0.1"
  dependencies:
    for-own: ^0.1.4
    is-extendable: ^0.1.1
  checksum: 15f149ba748f2573f76116e390ee72ad761d666577b259f032d512f173ad0953d6b2cba96df0ff7a3e0fda4b20862221f00dc70f0edcbdd6f7ad5a7cf1974ad9
  languageName: node
  linkType: hard

"parse-glob@npm:^3.0.4":
  version: 3.0.4
  resolution: "parse-glob@npm:3.0.4"
  dependencies:
    glob-base: ^0.3.0
    is-dotfile: ^1.0.0
    is-extglob: ^1.0.0
    is-glob: ^2.0.0
  checksum: bc9f7a8ed61b8005cce9b6f63130f9080e7034472b3e0c48cc28bfbad8c1290cca25b4fefddc7cd96d6f44e5bc2bace9e0c1f26e665cb2f693a13c2c7fcd5ff2
  languageName: node
  linkType: hard

"preserve@npm:^0.2.0":
  version: 0.2.0
  resolution: "preserve@npm:0.2.0"
  checksum: b402f0bcfb307f4e19cef52966a8b6b93e398ff91e9b3011ee3986b60c5b42ac2fa955b1287f62ae2150945919ca936fd388cd622bb878cae5e2de9a33de42e8
  languageName: node
  linkType: hard

"randomatic@npm:^3.0.0":
  version: 3.1.1
  resolution: "randomatic@npm:3.1.1"
  dependencies:
    is-number: ^4.0.0
    kind-of: ^6.0.0
    math-random: ^1.0.1
  checksum: a70d5cc7b09eebe5964dd7e0cf37faa328ab744bcdbb171b529af12a1174c8b8024c2174bf23e6d80504e69e9ddbabce4c1d3984509ff9db86e91d4d161d2cae
  languageName: node
  linkType: hard

"regex-cache@npm:^0.4.2":
  version: 0.4.4
  resolution: "regex-cache@npm:0.4.4"
  dependencies:
    is-equal-shallow: ^0.1.3
  checksum: e4d3dd07bd1ae9160b4a79440a96a4e9400ea7f3e284c73b072310c62e98eec06e41dd6bae464370de41ab3bfdb664b9ebc261b7a17bc9fa73f39d439f03da75
  languageName: node
  linkType: hard

"remove-trailing-separator@npm:^1.0.1":
  version: 1.1.0
  resolution: "remove-trailing-separator@npm:1.1.0"
  checksum: 17dadf3d1f7c51411b7c426c8e2d6a660359bc8dae7686137120483fe4345bfca4bf7460d2c302aa741a7886c932d8dad708d2b971669d74e0fb3ff9a4814408
  languageName: node
  linkType: hard

"repeat-element@npm:^1.1.2":
  version: 1.1.3
  resolution: "repeat-element@npm:1.1.3"
  checksum: 6a59b879efdd3512a786be5de1bc05c110822fec6820bb5a38dfdfdd4488e7ba0cf6d15b28da21544e6f072ae60762ee9efa784f2988128e656c97a8b0be46cb
  languageName: node
  linkType: hard

"repeat-string@npm:^1.5.2":
  version: 1.6.1
  resolution: "repeat-string@npm:1.6.1"
  checksum: 99c431ba7bef7a5d39819d562ebca89206368b45f73213677a3b562e25b5dd272d9e6a2ca8105001df14b6fc8cc71f0b10258c86e16cf8a256318fac1ddc8a77
  languageName: node
  linkType: hard
