# This file is generated by running "yarn install" inside your project.
# Manual changes might be lost - proceed with caution!

__metadata:
  version: 6
  cacheKey: 8

"arr-diff@npm:^1.1.0":
  version: 1.1.0
  resolution: "arr-diff@npm:1.1.0"
  dependencies:
    arr-flatten: ^1.0.1
    array-slice: ^0.2.3
  checksum: 6fa5aade29ff80a8b704bcb6ae582ad718ea9dc31f213f616ba6185e2e033ce2082f9efead3ebc7d35a992852c74f052823c8a51248f15a535f84f346aa2f402
  languageName: node
  linkType: hard

"arr-flatten@npm:^1.0.1":
  version: 1.1.0
  resolution: "arr-flatten@npm:1.1.0"
  checksum: 963fe12564fca2f72c055f3f6c206b9e031f7c433a0c66ca9858b484821f248c5b1e5d53c8e4989d80d764cd776cf6d9b160ad05f47bdc63022bfd63b5455e22
  languageName: node
  linkType: hard

"array-slice@npm:^0.2.3":
  version: 0.2.3
  resolution: "array-slice@npm:0.2.3"
  checksum: e0d97e8a47e78f9311177d38099c59baba45699c07bd96fa4f19d4eb1e276b7447e7b55e0bc76c56c810caee427a5e29672308f4521b0d10ff0b1c207eeadd08
  languageName: node
  linkType: hard

"array-unique@npm:^0.2.1":
  version: 0.2.1
  resolution: "array-unique@npm:0.2.1"
  checksum: 899deaf07abedf17ee89a757c7bcc9253fb248a7f6c394a1fec9ec3f3ac244314feb3048efee80ed7fdcb047960e32d7c234291bfd26b78ced668c346d9f4e3c
  languageName: node
  linkType: hard

"audit-ci-yarn-berry-low-vulnerability@workspace:.":
  version: 0.0.0-use.local
  resolution: "audit-ci-yarn-berry-low-vulnerability@workspace:."
  dependencies:
    micromatch: 2.3.0
  languageName: unknown
  linkType: soft

"braces@npm:^1.8.1":
  version: 1.8.5
  resolution: "braces@npm:1.8.5"
  dependencies:
    expand-range: ^1.8.1
    preserve: ^0.2.0
    repeat-element: ^1.1.2
  checksum: 9ea4fb6af8c0a224e515678d7be27ddc450bd974620542a3436188d7fae263f7987406d12ea36c1d92a862e7317b089aa3a0ebda7f1f1663b9332beddc92249e
  languageName: node
  linkType: hard

"expand-brackets@npm:^0.1.4":
  version: 0.1.5
  resolution: "expand-brackets@npm:0.1.5"
  dependencies:
    is-posix-bracket: ^0.1.0
  checksum: 71b2971027eb026f055a1c310d24d18a266427b84fc18cadddcedb4de2e07aaef6084e252406b20e58f7aa7613f6bfbe6136962955562529a66675bf49bb10d7
  languageName: node
  linkType: hard

"expand-range@npm:^1.8.1":
  version: 1.8.2
  resolution: "expand-range@npm:1.8.2"
  dependencies:
    fill-range: ^2.1.0
  checksum: ca773ec06838d7d53cfd835b7d58c9c662a3773e5d57647ca6f83e50218efd93e29b5ee6cc1ea9c5651794e9005562cad28c4911ea06aac27323a05f3c6b787d
  languageName: node
  linkType: hard

"extglob@npm:^0.3.1":
  version: 0.3.2
  resolution: "extglob@npm:0.3.2"
  dependencies:
    is-extglob: ^1.0.0
  checksum: c1c8d5365fe4992fc5b007140cbb37292ffadcd767cb602606de4d572ff96f38620e42855f8cb75020c050aacf1eeb51212dd6312de46eab42e2200277b5fc45
  languageName: node
  linkType: hard

"filename-regex@npm:^2.0.0":
  version: 2.0.1
  resolution: "filename-regex@npm:2.0.1"
  checksum: ac181f8184cf49d2f08889a446995537c3967e6f6195752d903b69c7d85f134425fb1446c4e384e77390bac488b60a9658805debc5a91e8c0bc9f81340505371
  languageName: node
  linkType: hard

"fill-range@npm:^2.1.0":
  version: 2.2.4
  resolution: "fill-range@npm:2.2.4"
  dependencies:
    is-number: ^2.1.0
    isobject: ^2.0.0
    randomatic: ^3.0.0
    repeat-element: ^1.1.2
    repeat-string: ^1.5.2
  checksum: ee7cb386c983bf7ff8aa120164c8b857a937c9d2b9c4ddf47af22f9d2bb1bd03dfa821946d7246f1631e86816562dd60059e081948d0804ce2ac0ac83f7edc61
  languageName: node
  linkType: hard

"for-in@npm:^1.0.1":
  version: 1.0.2
  resolution: "for-in@npm:1.0.2"
  checksum: 09f4ae93ce785d253ac963d94c7f3432d89398bf25ac7a24ed034ca393bf74380bdeccc40e0f2d721a895e54211b07c8fad7132e8157827f6f7f059b70b4043d
  languageName: node
  linkType: hard

"for-own@npm:^0.1.4":
  version: 0.1.5
  resolution: "for-own@npm:0.1.5"
  dependencies:
    for-in: ^1.0.1
  checksum: 07eb0a2e98eb55ce13b56dd11ef4fb5e619ba7380aaec388b9eec1946153d74fa734ce409e8434020557e9489a50c34bc004d55754f5863bf7d77b441d8dee8c
  languageName: node
  linkType: hard

"glob-base@npm:^0.3.0":
  version: 0.3.0
  resolution: "glob-base@npm:0.3.0"
  dependencies:
    glob-parent: ^2.0.0
    is-glob: ^2.0.0
  checksum: d0e3054a7df6033936980a3454ee6c91bb6661300b86b7a616d822a521e089afff1f5fbbd2582f9cee9f5823aed31d90244ee2e2e55f425103d42558615df294
  languageName: node
  linkType: hard

"glob-parent@npm:^2.0.0":
  version: 2.0.0
  resolution: "glob-parent@npm:2.0.0"
  dependencies:
    is-glob: ^2.0.0
  checksum: 734fc461d9d2753dd490dd072df6ce41fe4ebb60e9319b108bc538707b21780af3a61c3961ec2264131fad5d3d9a493e013a775aef11a69ac2f49fd7d8f46457
  languageName: node
  linkType: hard

"is-buffer@npm:^1.0.2, is-buffer@npm:^1.1.5":
  version: 1.1.6
  resolution: "is-buffer@npm:1.1.6"
  checksum: 4a186d995d8bbf9153b4bd9ff9fd04ae75068fe695d29025d25e592d9488911eeece84eefbd8fa41b8ddcc0711058a71d4c466dcf6f1f6e1d83830052d8ca707
  languageName: node
  linkType: hard

"is-dotfile@npm:^1.0.0":
  version: 1.0.3
  resolution: "is-dotfile@npm:1.0.3"
  checksum: 5257760d998d50ba2d5b4707007c043c69da0b62172f2221505edc6671ff634581c05df494a19d8d7206d248154c2f29f8432193ee199d33b09733e66371fb35
  languageName: node
  linkType: hard

"is-equal-shallow@npm:^0.1.3":
  version: 0.1.3
  resolution: "is-equal-shallow@npm:0.1.3"
  dependencies:
    is-primitive: ^2.0.0
  checksum: 1a296b660b8749ba1449017d9572e81fe8a96764877d5f9739c523a20cc7cdfa49594c16fa17052d0c3ee4711e35fd6919b06bf1b11b7126feab61abb9503ce6
  languageName: node
  linkType: hard

"is-extendable@npm:^0.1.1":
  version: 0.1.1
  resolution: "is-extendable@npm:0.1.1"
  checksum: 3875571d20a7563772ecc7a5f36cb03167e9be31ad259041b4a8f73f33f885441f778cee1f1fe0085eb4bc71679b9d8c923690003a36a6a5fdf8023e6e3f0672
  languageName: node
  linkType: hard

"is-extglob@npm:^1.0.0":
  version: 1.0.0
  resolution: "is-extglob@npm:1.0.0"
  checksum: 5eea8517feeae5206547c0fc838c1416ec763b30093c286e1965a05f46b74a59ad391f912565f3b67c9c31cab4769ab9c35420e016b608acb47309be8d0d6e94
  languageName: node
  linkType: hard

"is-glob@npm:^2.0.0, is-glob@npm:^2.0.1":
  version: 2.0.1
  resolution: "is-glob@npm:2.0.1"
  dependencies:
    is-extglob: ^1.0.0
  checksum: 089f5f93640072491396a5f075ce73e949a90f35832b782bc49a6b7637d58e392d53cb0b395e059ccab70fcb82ff35d183f6f9ebbcb43227a1e02e3fed5430c9
  languageName: node
  linkType: hard

"is-number@npm:^2.1.0":
  version: 2.1.0
  resolution: "is-number@npm:2.1.0"
  dependencies:
    kind-of: ^3.0.2
  checksum: d80e041a43a8de31ecc02037d532f1f448ec9c5b6c02fe7ee67bdd45d21cd9a4b3b4cf07e428ae5adafc2f17408c49fcb0a227915916d94a16d576c39e689f60
  languageName: node
  linkType: hard

"is-number@npm:^4.0.0":
  version: 4.0.0
  resolution: "is-number@npm:4.0.0"
  checksum: e71962a5ae97400211e6be5946eff2b81d3fa85154dad498bfe2704999e63ac6b3f8591fdb7971a121122cc6e25915c2cfe882ff7b77e243d51b92ca6961267e
  languageName: node
  linkType: hard

"is-posix-bracket@npm:^0.1.0":
  version: 0.1.1
  resolution: "is-posix-bracket@npm:0.1.1"
  checksum: 8a6391b41e7acef6898e64b00e06885b28c14b0c76398d3251a6ab1e5350d495dd32ec3f7f88f3f877558ce4b970939356fb315ee607f8f99a1716d4db7bdd40
  languageName: node
  linkType: hard

"is-primitive@npm:^2.0.0":
  version: 2.0.0
  resolution: "is-primitive@npm:2.0.0"
  checksum: 4d63fe952e31a4bc1d1a65d72f8485f5952407dce8d1cd8d8f070586936ea9ae2df79e0a83956b224aa7776cbbf5767eba3277f28119c36a616b20a439f057c0
  languageName: node
  linkType: hard

"isarray@npm:1.0.0":
  version: 1.0.0
  resolution: "isarray@npm:1.0.0"
  checksum: f032df8e02dce8ec565cf2eb605ea939bdccea528dbcf565cdf92bfa2da9110461159d86a537388ef1acef8815a330642d7885b29010e8f7eac967c9993b65ab
  languageName: node
  linkType: hard

"isobject@npm:^2.0.0":
  version: 2.1.0
  resolution: "isobject@npm:2.1.0"
  dependencies:
    isarray: 1.0.0
  checksum: 811c6f5a866877d31f0606a88af4a45f282544de886bf29f6a34c46616a1ae2ed17076cc6bf34c0128f33eecf7e1fcaa2c82cf3770560d3e26810894e96ae79f
  languageName: node
  linkType: hard

"kind-of@npm:^2.0.1":
  version: 2.0.1
  resolution: "kind-of@npm:2.0.1"
  dependencies:
    is-buffer: ^1.0.2
  checksum: 043df2943e113bca612d26224947395e9673bb3808d94aed30e47fbf0bafd618e2a29ff0ca2d5498f64332c320fff07f0aa9d6edfc20906a93c1b8792f11759c
  languageName: node
  linkType: hard

"kind-of@npm:^3.0.2":
  version: 3.2.2
  resolution: "kind-of@npm:3.2.2"
  dependencies:
    is-buffer: ^1.1.5
  checksum: e898df8ca2f31038f27d24f0b8080da7be274f986bc6ed176f37c77c454d76627619e1681f6f9d2e8d2fd7557a18ecc419a6bb54e422abcbb8da8f1a75e4b386
  languageName: node
  linkType: hard

"kind-of@npm:^6.0.0":
  version: 6.0.3
  resolution: "kind-of@npm:6.0.3"
  checksum: 3ab01e7b1d440b22fe4c31f23d8d38b4d9b91d9f291df683476576493d5dfd2e03848a8b05813dd0c3f0e835bc63f433007ddeceb71f05cb25c45ae1b19c6d3b
  languageName: node
  linkType: hard

"lazy-cache@npm:^0.2.3":
  version: 0.2.7
  resolution: "lazy-cache@npm:0.2.7"
  checksum: b4538aff20db586c354f31de3ed59ea2c8d5dc4f01141bf49f07601e7ca0d7ed43a3f49362ade49b1e18ab1f3d121df0f2c9ea9b599b44dd54fb0c0db253c8b9
  languageName: node
  linkType: hard

"math-random@npm:^1.0.1":
  version: 1.0.4
  resolution: "math-random@npm:1.0.4"
  checksum: 9edf31ea337bba21994eb968218fd571d55fce86b51661158d8e241886b73121d9e1a35a5bb8997dba8ce67417a83c8dbd0811917248f886840035b7f1c667b9
  languageName: node
  linkType: hard

"micromatch@npm:2.3.0":
  version: 2.3.0
  resolution: "micromatch@npm:2.3.0"
  dependencies:
    arr-diff: ^1.1.0
    array-unique: ^0.2.1
    braces: ^1.8.1
    expand-brackets: ^0.1.4
    extglob: ^0.3.1
    filename-regex: ^2.0.0
    is-extglob: ^1.0.0
    is-glob: ^2.0.1
    kind-of: ^2.0.1
    lazy-cache: ^0.2.3
    normalize-path: ^2.0.0
    object.omit: ^2.0.0
    parse-glob: ^3.0.4
    regex-cache: ^0.4.2
  checksum: f3c5488e8dea3dfb342b444be1c3df4acfc4423cbfb6679323196df2143270e571afca5140f35b0d16871107856a849d7cb397c367d50a0d97b281edf39ccf43
  languageName: node
  linkType: hard

"normalize-path@npm:^2.0.0":
  version: 2.1.1
  resolution: "normalize-path@npm:2.1.1"
  dependencies:
    remove-trailing-separator: ^1.0.1
  checksum: 7e9cbdcf7f5b8da7aa191fbfe33daf290cdcd8c038f422faf1b8a83c972bf7a6d94c5be34c4326cb00fb63bc0fd97d9fbcfaf2e5d6142332c2cd36d2e1b86cea
  languageName: node
  linkType: hard

"object.omit@npm:^2.0.0":
  version: 2.0.1
  resolution: "object.omit@npm:2.0.1"
  dependencies:
    for-own: ^0.1.4
    is-extendable: ^0.1.1
  checksum: 581de24e16b72388ad294693daef29072943ef8db3da16aaeb580b5ecefacabe58a744893e9d1564e29130d3465c96ba3e13a03fd130d14f3e06525b3176cac4
  languageName: node
  linkType: hard

"parse-glob@npm:^3.0.4":
  version: 3.0.4
  resolution: "parse-glob@npm:3.0.4"
  dependencies:
    glob-base: ^0.3.0
    is-dotfile: ^1.0.0
    is-extglob: ^1.0.0
    is-glob: ^2.0.0
  checksum: 447bc442d76522c5e03b5babc8582d4a37fe9d59b3e5ef8d7ddae4e03060637ae38d5d28686e03c27e4d20be34983b5cb053cf8b066d34be0f9d1867eb677e45
  languageName: node
  linkType: hard

"preserve@npm:^0.2.0":
  version: 0.2.0
  resolution: "preserve@npm:0.2.0"
  checksum: dd31d4fd0e6b218cac7178712ae0683c96e6eaa3e5490a37aba6d47095f87c47ffe980a3061ebe72ca07cb2a9a4f1a41bbeecee8944ec77be311c294e05b2e43
  languageName: node
  linkType: hard

"randomatic@npm:^3.0.0":
  version: 3.1.1
  resolution: "randomatic@npm:3.1.1"
  dependencies:
    is-number: ^4.0.0
    kind-of: ^6.0.0
    math-random: ^1.0.1
  checksum: 1952baed71801d3698fe84f3ab01e25ea124fc20ce91e133aa1981268c1347647f9ae1fdc62389db2411ebdad61c0f7cea0ce840dee260ad2adadfcf27299018
  languageName: node
  linkType: hard

"regex-cache@npm:^0.4.2":
  version: 0.4.4
  resolution: "regex-cache@npm:0.4.4"
  dependencies:
    is-equal-shallow: ^0.1.3
  checksum: fdaf756fbd7048a34dc454ab6da678828148d34ac8e3701636bd747fd9d2df1191f6f80669f7ce7c4173e4631a92d3943ce4dc2a43a1acfa7c5308cdd49a1587
  languageName: node
  linkType: hard

"remove-trailing-separator@npm:^1.0.1":
  version: 1.1.0
  resolution: "remove-trailing-separator@npm:1.1.0"
  checksum: d3c20b5a2d987db13e1cca9385d56ecfa1641bae143b620835ac02a6b70ab88f68f117a0021838db826c57b31373d609d52e4f31aca75fc490c862732d595419
  languageName: node
  linkType: hard

"repeat-element@npm:^1.1.2":
  version: 1.1.3
  resolution: "repeat-element@npm:1.1.3"
  checksum: 0743a136b484117016ad587577ede60a3ffe604b74e57bd5d7d0aa041fe2f1c956e6b2f3ff83c86f4db9fac022c3fa2da8e58b9d3618b8b4cb1c3d041bcc422f
  languageName: node
  linkType: hard

"repeat-string@npm:^1.5.2":
  version: 1.6.1
  resolution: "repeat-string@npm:1.6.1"
  checksum: 1b809fc6db97decdc68f5b12c4d1a671c8e3f65ec4a40c238bc5200e44e85bcc52a54f78268ab9c29fcf5fe4f1343e805420056d1f30fa9a9ee4c2d93e3cc6c0
  languageName: node
  linkType: hard
