# This file is generated by running "yarn install" inside your project.
# Manual changes might be lost - proceed with caution!

__metadata:
  version: 6
  cacheKey: 8

"audit-ci-yarn-3-skip-dev@workspace:.":
  version: 0.0.0-use.local
  resolution: "audit-ci-yarn-3-skip-dev@workspace:."
  dependencies:
    node-noop: 1.0.0
    open: 0.0.5
  languageName: unknown
  linkType: soft

"node-noop@npm:1.0.0":
  version: 1.0.0
  resolution: "node-noop@npm:1.0.0"
  checksum: 7a150b352380bdd734bc1b727399132d8f2dc6b8a92974b8aeaf4f5c965d54c9e9320f8af9d4ba8396d520830c60e123ce0c714ad55be73d47157b272ec4354e
  languageName: node
  linkType: hard

"open@npm:0.0.5":
  version: 0.0.5
  resolution: "open@npm:0.0.5"
  checksum: 2a1a5a0accea9a361a8ba8cf298f7d330f5197a98a0752105084c4a3442a3a174700f661d2f8d5b62eaefe52d192f89492774be32da4541b080eba1c8196951e
  languageName: node
  linkType: hard
