# This file is generated by running "yarn install" inside your project.
# Manual changes might be lost - proceed with caution!

__metadata:
  version: 4
  cacheKey: 7

"audit-ci-yarn-2-workspace-critical-vulnerability-dev@workspace:packages/yarn-critical-dev":
  version: 0.0.0-use.local
  resolution: "audit-ci-yarn-2-workspace-critical-vulnerability-dev@workspace:packages/yarn-critical-dev"
  dependencies:
    open: 0.0.5
  languageName: unknown
  linkType: soft

"audit-ci-yarn-2-workspace-high-vulnerability@workspace:packages/yarn-high":
  version: 0.0.0-use.local
  resolution: "audit-ci-yarn-2-workspace-high-vulnerability@workspace:packages/yarn-high"
  dependencies:
    qs: 6.10.2
  languageName: unknown
  linkType: soft

"audit-ci-yarn-2-workspace-moderate-vulnerability@workspace:packages/yarn-moderate":
  version: 0.0.0-use.local
  resolution: "audit-ci-yarn-2-workspace-moderate-vulnerability@workspace:packages/yarn-moderate"
  dependencies:
    base64url: 2.0.0
  languageName: unknown
  linkType: soft

"audit-ci-yarn-2-workspace@workspace:.":
  version: 0.0.0-use.local
  resolution: "audit-ci-yarn-2-workspace@workspace:."
  languageName: unknown
  linkType: soft

"base64url@npm:2.0.0":
  version: 2.0.0
  resolution: "base64url@npm:2.0.0"
  checksum: 1f22f19d973a99969d9ccc6da2b5c274051b661ca7e3ac72e25fd59f73eff51b8fbf7d355bd34cc3d057ef79bce3ef72217b1452f644dfb1c281678ff2f8153f
  languageName: node
  linkType: hard

"call-bind@npm:^1.0.0":
  version: 1.0.2
  resolution: "call-bind@npm:1.0.2"
  dependencies:
    function-bind: ^1.1.1
    get-intrinsic: ^1.0.2
  checksum: 18cc6107a1f028247f2b505dae73ad1c63b737addfcd43ff75159f072c5c827300c1fb66f26ee0ec70fc2fdd005ce68d65c05a2a34b74bab08c3b1921954ada9
  languageName: node
  linkType: hard

"function-bind@npm:^1.1.1":
  version: 1.1.1
  resolution: "function-bind@npm:1.1.1"
  checksum: ffad86e7d2010ba179aaa6a3987d2cc0ed48fa92d27f1ed84bfa06d14f77deeed5bfbae7f00bdebc0c54218392cab2b18ecc080e2c72f592431927b87a27d42b
  languageName: node
  linkType: hard

"get-intrinsic@npm:^1.0.2":
  version: 1.2.1
  resolution: "get-intrinsic@npm:1.2.1"
  dependencies:
    function-bind: ^1.1.1
    has: ^1.0.3
    has-proto: ^1.0.1
    has-symbols: ^1.0.3
  checksum: b3521212c5062903b13438556ddd7fa9c9f607d8dea482b5811ed48467ce5d41f120ae3e1380080f40da0160dbcf20343c9bc2ba9dc8a9ec82239f4d76d20473
  languageName: node
  linkType: hard

"has-proto@npm:^1.0.1":
  version: 1.0.1
  resolution: "has-proto@npm:1.0.1"
  checksum: 9007a6cd8965598d62c710804e1f01b623dd91cf05a40f265e9dee36c1e4ee311c69fcf8c5063c608ccbd5cefedbd3e60f1d939ef32096631a447101b125c5c5
  languageName: node
  linkType: hard

"has-symbols@npm:^1.0.3":
  version: 1.0.3
  resolution: "has-symbols@npm:1.0.3"
  checksum: 4b7e882feed6c1f53c8a01ec7a55ec0fe7654ebeeee76093916f8b0ccc3e1a6a115def0053e9113a353439c6276a90a5b9623fbed668bab660f65b04af25da2e
  languageName: node
  linkType: hard

"has@npm:^1.0.3":
  version: 1.0.3
  resolution: "has@npm:1.0.3"
  dependencies:
    function-bind: ^1.1.1
  checksum: c686e15300d41364486c099a9259d9c418022c294244843dcd712c4c286ff839d4f23a25413baa28c4d2c1e828afc2aaab70f685400b391533980223c71fa1ca
  languageName: node
  linkType: hard

"object-inspect@npm:^1.9.0":
  version: 1.12.3
  resolution: "object-inspect@npm:1.12.3"
  checksum: 554721848053312494b5e9e7b48999377292f6443966b189aab8b3f8a9a7bf42e38a68f80fa61fdbfbf10525bd4dbc7855cb907f5870a6faf842b1f9cb6b00b7
  languageName: node
  linkType: hard

"open@npm:0.0.5":
  version: 0.0.5
  resolution: "open@npm:0.0.5"
  checksum: 5c974432a245cad8ecf3c10529fc1bce29118ee73cb71dd89bbe1dc89b453b944edd4a5e42aa56915a27d5419c7b29bfb4782f1fc336a863452d8051ec3e00af
  languageName: node
  linkType: hard

"qs@npm:6.10.2":
  version: 6.10.2
  resolution: "qs@npm:6.10.2"
  dependencies:
    side-channel: ^1.0.4
  checksum: 379cef374aa25563b78ef6ee65f97a9c3ea0822d243161bea3baf4ed5020b67bdcc077d3918d195bf2f28fa91e7b2bd0da18aa31472c505c43153e4f01b003c8
  languageName: node
  linkType: hard

"side-channel@npm:^1.0.4":
  version: 1.0.4
  resolution: "side-channel@npm:1.0.4"
  dependencies:
    call-bind: ^1.0.0
    get-intrinsic: ^1.0.2
    object-inspect: ^1.9.0
  checksum: 84258ce3edb1ad35810ca17eccd52fd504b5d4da59447a6829cfd1ae8e3cff97b7df2a14f9a45b7aaa3b507ded95626cf20a500735d3b797e9ffb1eba3cfa9e7
  languageName: node
  linkType: hard
