# This file is generated by running "yarn install" inside your project.
# Manual changes might be lost - proceed with caution!

__metadata:
  version: 8
  cacheKey: 10

"audit-ci-yarn-4-critical-vulnerability@workspace:.":
  version: 0.0.0-use.local
  resolution: "audit-ci-yarn-4-critical-vulnerability@workspace:."
  dependencies:
    open: "npm:0.0.5"
  languageName: unknown
  linkType: soft

"open@npm:0.0.5":
  version: 0.0.5
  resolution: "open@npm:0.0.5"
  checksum: 10/e7765b78f161f1b7ccc8cf48eb64c0529639c9886fdc6ba94a61e5e5d16fac128e26cf81a674cb79b9cc596f3703c42f435faf6797590424d5aef8f490a3bd33
  languageName: node
  linkType: hard
