# This file is generated by running "yarn install" inside your project.
# Manual changes might be lost - proceed with caution!

__metadata:
  version: 7
  cacheKey: 9

"audit-ci-yarn-4-critical-vulnerability@workspace:.":
  version: 0.0.0-use.local
  resolution: "audit-ci-yarn-4-critical-vulnerability@workspace:."
  dependencies:
    open: "npm:0.0.5"
  languageName: unknown
  linkType: soft

"open@npm:0.0.5":
  version: 0.0.5
  resolution: "open@npm:0.0.5"
  checksum: 0eb72096c395ef9a8f9540cf83d120f87920ba67c7c7efebe1e581f740bf43e27b16d7ab922379fc7afa5662ea941ee9ee7cbb51a459dc8092eec9f3949b057d
  languageName: node
  linkType: hard
