# This file is generated by running "yarn install" inside your project.
# Manual changes might be lost - proceed with caution!

__metadata:
  version: 4
  cacheKey: 7

"audit-ci-yarn-2-skip-dev@workspace:.":
  version: 0.0.0-use.local
  resolution: "audit-ci-yarn-2-skip-dev@workspace:."
  dependencies:
    node-noop: 1.0.0
    open: 0.0.5
  languageName: unknown
  linkType: soft

"node-noop@npm:1.0.0":
  version: 1.0.0
  resolution: "node-noop@npm:1.0.0"
  checksum: 33331046468af72c22553cee2b754851897fa26c36393017ad3dcfbcd28b705e573a71ae7abe18a8f357fa6fd9a3b3ab3aefb52f373b368ec4a5be40b530e269
  languageName: node
  linkType: hard

"open@npm:0.0.5":
  version: 0.0.5
  resolution: "open@npm:0.0.5"
  checksum: 5c974432a245cad8ecf3c10529fc1bce29118ee73cb71dd89bbe1dc89b453b944edd4a5e42aa56915a27d5419c7b29bfb4782f1fc336a863452d8051ec3e00af
  languageName: node
  linkType: hard
