# This file is generated by running "yarn install" inside your project.
# Manual changes might be lost - proceed with caution!

__metadata:
  version: 6
  cacheKey: 8

"audit-ci-yarn-berry-workspace-critical-vulnerability-dev@workspace:packages/yarn-critical-dev":
  version: 0.0.0-use.local
  resolution: "audit-ci-yarn-berry-workspace-critical-vulnerability-dev@workspace:packages/yarn-critical-dev"
  dependencies:
    open: 0.0.5
  languageName: unknown
  linkType: soft

"audit-ci-yarn-berry-workspace-high-vulnerability@workspace:packages/yarn-high":
  version: 0.0.0-use.local
  resolution: "audit-ci-yarn-berry-workspace-high-vulnerability@workspace:packages/yarn-high"
  dependencies:
    qs: 6.10.2
  languageName: unknown
  linkType: soft

"audit-ci-yarn-berry-workspace-moderate-vulnerability@workspace:packages/yarn-moderate":
  version: 0.0.0-use.local
  resolution: "audit-ci-yarn-berry-workspace-moderate-vulnerability@workspace:packages/yarn-moderate"
  dependencies:
    base64url: 2.0.0
  languageName: unknown
  linkType: soft

"audit-ci-yarn-berry-workspace@workspace:.":
  version: 0.0.0-use.local
  resolution: "audit-ci-yarn-berry-workspace@workspace:."
  languageName: unknown
  linkType: soft

"base64url@npm:2.0.0":
  version: 2.0.0
  resolution: "base64url@npm:2.0.0"
  checksum: 34ad5bdae0a0d437279e2631a9f6b9d82c076a2f1e9356c8ebe65c8e570905caadf76e73cc416cc3ed799539b34b4f0faa5d0119eb5aff5e79d735f597c038b0
  languageName: node
  linkType: hard

"call-bind@npm:^1.0.0":
  version: 1.0.2
  resolution: "call-bind@npm:1.0.2"
  dependencies:
    function-bind: ^1.1.1
    get-intrinsic: ^1.0.2
  checksum: f8e31de9d19988a4b80f3e704788c4a2d6b6f3d17cfec4f57dc29ced450c53a49270dc66bf0fbd693329ee948dd33e6c90a329519aef17474a4d961e8d6426b0
  languageName: node
  linkType: hard

"function-bind@npm:^1.1.1":
  version: 1.1.1
  resolution: "function-bind@npm:1.1.1"
  checksum: b32fbaebb3f8ec4969f033073b43f5c8befbb58f1a79e12f1d7490358150359ebd92f49e72ff0144f65f2c48ea2a605bff2d07965f548f6474fd8efd95bf361a
  languageName: node
  linkType: hard

"get-intrinsic@npm:^1.0.2":
  version: 1.2.1
  resolution: "get-intrinsic@npm:1.2.1"
  dependencies:
    function-bind: ^1.1.1
    has: ^1.0.3
    has-proto: ^1.0.1
    has-symbols: ^1.0.3
  checksum: 5b61d88552c24b0cf6fa2d1b3bc5459d7306f699de060d76442cce49a4721f52b8c560a33ab392cf5575b7810277d54ded9d4d39a1ea61855619ebc005aa7e5f
  languageName: node
  linkType: hard

"has-proto@npm:^1.0.1":
  version: 1.0.1
  resolution: "has-proto@npm:1.0.1"
  checksum: febc5b5b531de8022806ad7407935e2135f1cc9e64636c3916c6842bd7995994ca3b29871ecd7954bd35f9e2986c17b3b227880484d22259e2f8e6ce63fd383e
  languageName: node
  linkType: hard

"has-symbols@npm:^1.0.3":
  version: 1.0.3
  resolution: "has-symbols@npm:1.0.3"
  checksum: a054c40c631c0d5741a8285010a0777ea0c068f99ed43e5d6eb12972da223f8af553a455132fdb0801bdcfa0e0f443c0c03a68d8555aa529b3144b446c3f2410
  languageName: node
  linkType: hard

"has@npm:^1.0.3":
  version: 1.0.3
  resolution: "has@npm:1.0.3"
  dependencies:
    function-bind: ^1.1.1
  checksum: b9ad53d53be4af90ce5d1c38331e712522417d017d5ef1ebd0507e07c2fbad8686fffb8e12ddecd4c39ca9b9b47431afbb975b8abf7f3c3b82c98e9aad052792
  languageName: node
  linkType: hard

"object-inspect@npm:^1.9.0":
  version: 1.12.3
  resolution: "object-inspect@npm:1.12.3"
  checksum: dabfd824d97a5f407e6d5d24810d888859f6be394d8b733a77442b277e0808860555176719c5905e765e3743a7cada6b8b0a3b85e5331c530fd418cc8ae991db
  languageName: node
  linkType: hard

"open@npm:0.0.5":
  version: 0.0.5
  resolution: "open@npm:0.0.5"
  checksum: 2a1a5a0accea9a361a8ba8cf298f7d330f5197a98a0752105084c4a3442a3a174700f661d2f8d5b62eaefe52d192f89492774be32da4541b080eba1c8196951e
  languageName: node
  linkType: hard

"qs@npm:6.10.2":
  version: 6.10.2
  resolution: "qs@npm:6.10.2"
  dependencies:
    side-channel: ^1.0.4
  checksum: 46fcc8f75a062524b91f9bf6b3843f346135b27d91c2a2dc3eb7ef9e34435703fd52e16d927f8864fd572d4b0ebc5a40a00649535108b8e8ea845a861b414369
  languageName: node
  linkType: hard

"side-channel@npm:^1.0.4":
  version: 1.0.4
  resolution: "side-channel@npm:1.0.4"
  dependencies:
    call-bind: ^1.0.0
    get-intrinsic: ^1.0.2
    object-inspect: ^1.9.0
  checksum: 351e41b947079c10bd0858364f32bb3a7379514c399edb64ab3dce683933483fc63fb5e4efe0a15a2e8a7e3c436b6a91736ddb8d8c6591b0460a24bb4a1ee245
  languageName: node
  linkType: hard
