# This file is generated by running "yarn install" inside your project.
# Manual changes might be lost - proceed with caution!

__metadata:
  version: 7
  cacheKey: 9

"audit-ci-yarn-4-high-vulnerability@workspace:.":
  version: 0.0.0-use.local
  resolution: "audit-ci-yarn-4-high-vulnerability@workspace:."
  dependencies:
    cryo: "npm:0.0.6"
  languageName: unknown
  linkType: soft

"cryo@npm:0.0.6":
  version: 0.0.6
  resolution: "cryo@npm:0.0.6"
  checksum: d6bea1dcad60fc06d2c52d0ba061036e24af675299285fc0705c2623a19fedd7d9e0a2d5d04f4730d8eb75be6d321aeca954f3389c9e93bec83ef777c06b4a91
  languageName: node
  linkType: hard
