# This file is generated by running "yarn install" inside your project.
# Manual changes might be lost - proceed with caution!

__metadata:
  version: 4
  cacheKey: 7

"audit-ci-yarn-2-moderate-vulnerability@workspace:.":
  version: 0.0.0-use.local
  resolution: "audit-ci-yarn-2-moderate-vulnerability@workspace:."
  dependencies:
    base64url: 2.0.0
  languageName: unknown
  linkType: soft

"base64url@npm:2.0.0":
  version: 2.0.0
  resolution: "base64url@npm:2.0.0"
  checksum: 1f22f19d973a99969d9ccc6da2b5c274051b661ca7e3ac72e25fd59f73eff51b8fbf7d355bd34cc3d057ef79bce3ef72217b1452f644dfb1c281678ff2f8153f
  languageName: node
  linkType: hard
