# This file is generated by running "yarn install" inside your project.
# Manual changes might be lost - proceed with caution!

__metadata:
  version: 6
  cacheKey: 8

"audit-ci-yarn-3-workspace-critical-vulnerability-dev@workspace:packages/yarn-critical-dev":
  version: 0.0.0-use.local
  resolution: "audit-ci-yarn-3-workspace-critical-vulnerability-dev@workspace:packages/yarn-critical-dev"
  dependencies:
    open: 0.0.5
  languageName: unknown
  linkType: soft

"audit-ci-yarn-3-workspace-high-vulnerability@workspace:packages/yarn-high":
  version: 0.0.0-use.local
  resolution: "audit-ci-yarn-3-workspace-high-vulnerability@workspace:packages/yarn-high"
  dependencies:
    cryo: 0.0.6
  languageName: unknown
  linkType: soft

"audit-ci-yarn-3-workspace-moderate-vulnerability@workspace:packages/yarn-moderate":
  version: 0.0.0-use.local
  resolution: "audit-ci-yarn-3-workspace-moderate-vulnerability@workspace:packages/yarn-moderate"
  dependencies:
    base64url: 2.0.0
  languageName: unknown
  linkType: soft

"audit-ci-yarn-3-workspace@workspace:.":
  version: 0.0.0-use.local
  resolution: "audit-ci-yarn-3-workspace@workspace:."
  languageName: unknown
  linkType: soft

"base64url@npm:2.0.0":
  version: 2.0.0
  resolution: "base64url@npm:2.0.0"
  checksum: 34ad5bdae0a0d437279e2631a9f6b9d82c076a2f1e9356c8ebe65c8e570905caadf76e73cc416cc3ed799539b34b4f0faa5d0119eb5aff5e79d735f597c038b0
  languageName: node
  linkType: hard

"cryo@npm:0.0.6":
  version: 0.0.6
  resolution: "cryo@npm:0.0.6"
  checksum: 8ff3a0355e60301cd9ca1ac19ba0637813e3cfe0f145a115e0ab1fe8a1b13b84e131ad3c10a4ec27c9e7a1f4f1a259f74d5d9f05f0c16967bdef5fe26fa3e479
  languageName: node
  linkType: hard

"open@npm:0.0.5":
  version: 0.0.5
  resolution: "open@npm:0.0.5"
  checksum: 2a1a5a0accea9a361a8ba8cf298f7d330f5197a98a0752105084c4a3442a3a174700f661d2f8d5b62eaefe52d192f89492774be32da4541b080eba1c8196951e
  languageName: node
  linkType: hard
