# This file is generated by running "yarn install" inside your project.
# Manual changes might be lost - proceed with caution!

__metadata:
  version: 4
  cacheKey: 7

"audit-ci-yarn-2-critical-vulnerability@workspace:.":
  version: 0.0.0-use.local
  resolution: "audit-ci-yarn-2-critical-vulnerability@workspace:."
  dependencies:
    open: 0.0.5
  languageName: unknown
  linkType: soft

"open@npm:0.0.5":
  version: 0.0.5
  resolution: "open@npm:0.0.5"
  checksum: 5c974432a245cad8ecf3c10529fc1bce29118ee73cb71dd89bbe1dc89b453b944edd4a5e42aa56915a27d5419c7b29bfb4782f1fc336a863452d8051ec3e00af
  languageName: node
  linkType: hard
