{
  "name": "audit-ci-npm-skip-dev",
  "requires": true,
  "lockfileVersion": 1,
  "dependencies": {
    "node-noop": {
      "version": "1.0.0",
      "resolved": "https://registry.npmjs.org/node-noop/-/node-noop-1.0.0.tgz",
      "integrity": "sha1-R6Pn2Az/qmRYNkvSLthcqzMHvnk="
    },
    "open": {
      "version": "0.0.5",
      "resolved": "https://volusion.jfrog.io/artifactory/api/npm/npm/open/-/open-0.0.5.tgz",
      "integrity": "sha1-QsPhjslUZra/DcQvOilFw/DK2Pw=",
      "dev": true
    }
  }
}
