# This file is generated by running "yarn install" inside your project.
# Manual changes might be lost - proceed with caution!

__metadata:
  version: 6
  cacheKey: 8

"audit-ci-yarn-3-low-vulnerability@workspace:.":
  version: 0.0.0-use.local
  resolution: "audit-ci-yarn-3-low-vulnerability@workspace:."
  dependencies:
    chownr: 1.0.0
  languageName: unknown
  linkType: soft

"chownr@npm:1.0.0":
  version: 1.0.0
  resolution: "chownr@npm:1.0.0"
  checksum: a75a31036959d9ad8328e090dd2964c508fb8256b1c73fe41974107d0334df84e52a2e9fbe8e3a03a5eac8ea9d9ff28f2c2011e5ef495924e737e59fc85055a3
  languageName: node
  linkType: hard
